{
  "version": 4,
  "terraform_version": "1.4.6",
  "serial": 981,
  "lineage": "c18193b2-2b46-caf3-b9d2-ae4ca9f3bc80",
  "outputs": {},
  "resources": [
    {
      "mode": "managed",
      "type": "aws_s3_bucket",
      "name": "this",
      "provider": "provider[\"registry.terraform.io/hashicorp/aws\"]",
      "instances": [
        {
          "schema_version": 0,
          "attributes": {
            "acceleration_status": null,
            "acl": null,
            "arn": "arn:aws:s3:::prod-bloodbank-c0d85491510c6ae2",
            "bucket": "prod-bloodbank-c0d85491510c6ae2",
            "bucket_domain_name": "prod-bloodbank-c0d85491510c6ae2.s3.amazonaws.com",
            "bucket_prefix": "",
            "bucket_regional_domain_name": "prod-bloodbank-c0d85491510c6ae2.s3.eu-north-1.amazonaws.com",
            "cors_rule": [],
            "force_destroy": false,
            "grant": [
              {
                "id": "828244154c07fa2f25d4ac788f772f9b8c5401b1ad78a030643182054f0e0428",
                "permissions": [
                  "FULL_CONTROL"
                ],
                "type": "CanonicalUser",
                "uri": ""
              }
            ],
            "hosted_zone_id": "Z3BAZG2TWCNX0D",
            "id": "prod-bloodbank-c0d85491510c6ae2",
            "lifecycle_rule": [],
            "logging": [],
            "object_lock_configuration": [],
            "object_lock_enabled": false,
            "policy": "",
            "region": "eu-north-1",
            "replication_configuration": [],
            "request_payer": "BucketOwner",
            "server_side_encryption_configuration": [
              {
                "rule": [
                  {
                    "apply_server_side_encryption_by_default": [
                      {
                        "kms_master_key_id": "",
                        "sse_algorithm": "AES256"
                      }
                    ],
                    "bucket_key_enabled": false
                  }
                ]
              }
            ],
            "tags": {
              "Environment": "prod",
              "Name": "bloodbank-bucket"
            },
            "tags_all": {
              "Environment": "prod",
              "Name": "bloodbank-bucket"
            },
            "timeouts": null,
            "versioning": [
              {
                "enabled": false,
                "mfa_delete": false
              }
            ],
            "website": [],
            "website_domain": null,
            "website_endpoint": null
          },
          "sensitive_attributes": [],
          "private": "eyJlMmJmYjczMC1lY2FhLTExZTYtOGY4OC0zNDM2M2JjN2M0YzAiOnsiY3JlYXRlIjoxMjAwMDAwMDAwMDAwLCJkZWxldGUiOjM2MDAwMDAwMDAwMDAsInJlYWQiOjEyMDAwMDAwMDAwMDAsInVwZGF0ZSI6MTIwMDAwMDAwMDAwMH19",
          "dependencies": [
            "random_id.this"
          ]
        }
      ]
    },
    {
      "mode": "managed",
      "type": "aws_s3_object",
      "name": "object",
      "provider": "provider[\"registry.terraform.io/hashicorp/aws\"]",
      "instances": [
        {
          "schema_version": 0,
          "attributes": {
            "acl": "private",
            "bucket": "prod-bloodbank-c0d85491510c6ae2",
            "bucket_key_enabled": false,
            "cache_control": "",
            "content": null,
            "content_base64": null,
            "content_disposition": "",
            "content_encoding": "",
            "content_language": "",
            "content_type": "binary/octet-stream",
            "etag": "79c89c24f9fa39f8265c24ba90141308",
            "force_destroy": false,
            "id": ".env",
            "key": ".env",
            "kms_key_id": null,
            "metadata": null,
            "object_lock_legal_hold_status": "",
            "object_lock_mode": "",
            "object_lock_retain_until_date": "",
            "server_side_encryption": "AES256",
            "source": "./.env",
            "source_hash": null,
            "storage_class": "STANDARD",
            "tags": null,
            "tags_all": {},
            "version_id": "",
            "website_redirect": ""
          },
          "sensitive_attributes": [],
          "private": "bnVsbA==",
          "dependencies": [
            "aws_s3_bucket.this",
            "local_file.name"
          ]
        }
      ]
    },
    {
      "mode": "managed",
      "type": "local_file",
      "name": "name",
      "provider": "provider[\"registry.terraform.io/hashicorp/local\"]",
      "instances": [
        {
          "schema_version": 0,
          "attributes": {
            "content": "DB_HOST=",
            "content_base64": null,
            "content_base64sha256": "YWZqTu5OUeMoEoSpipkHN+1gPwv8bO61fmWnHyAp8/M=",
            "content_base64sha512": "iIGJxj/b7XV2aooaFmbDHAfB/NOkVzNBYN9gs0927dvbD5gskyjKrDKj7Zqvfv2+06OyxOpfjlzE80p6Ltlgbw==",
            "content_md5": "79c89c24f9fa39f8265c24ba90141308",
            "content_sha1": "2555429e1084402ba74d36de72f0b48e9495fb0a",
            "content_sha256": "61666a4eee4e51e3281284a98a990737ed603f0bfc6ceeb57e65a71f2029f3f3",
            "content_sha512": "888189c63fdbed75766a8a1a1666c31c07c1fcd3a457334160df60b34f76eddbdb0f982c9328caac32a3ed9aaf7efdbed3a3b2c4ea5f8e5cc4f34a7a2ed9606f",
            "directory_permission": "0777",
            "file_permission": "0777",
            "filename": "./.env",
            "id": "2555429e1084402ba74d36de72f0b48e9495fb0a",
            "sensitive_content": null,
            "source": null
          },
          "sensitive_attributes": []
        }
      ]
    },
    {
      "mode": "managed",
      "type": "random_id",
      "name": "this",
      "provider": "provider[\"registry.terraform.io/hashicorp/random\"]",
      "instances": [
        {
          "schema_version": 0,
          "attributes": {
            "b64_std": "wNhUkVEMauI=",
            "b64_url": "wNhUkVEMauI",
            "byte_length": 8,
            "dec": "13895949633358424802",
            "hex": "c0d85491510c6ae2",
            "id": "wNhUkVEMauI",
            "keepers": null,
            "prefix": null
          },
          "sensitive_attributes": []
        }
      ]
    }
  ],
  "check_results": null
}
