{
  "version": 4,
  "terraform_version": "1.4.6",
  "serial": 1261,
  "lineage": "c18193b2-2b46-caf3-b9d2-ae4ca9f3bc80",
  "outputs": {},
  "resources": [
    {
      "module": "module.ecs-cluster",
      "mode": "data",
      "type": "aws_iam_policy_document",
      "name": "assume_role_policy",
      "provider": "provider[\"registry.terraform.io/hashicorp/aws\"]",
      "instances": [
        {
          "schema_version": 0,
          "attributes": {
            "id": "1077804475",
            "json": "{\n  \"Version\": \"2012-10-17\",\n  \"Statement\": [\n    {\n      \"Effect\": \"Allow\",\n      \"Action\": \"sts:AssumeRole\",\n      \"Principal\": {\n        \"Service\": \"ecs-tasks.amazonaws.com\"\n      }\n    }\n  ]\n}",
            "override_policy_documents": null,
            "policy_id": null,
            "source_policy_documents": null,
            "statement": [
              {
                "actions": [
                  "sts:AssumeRole"
                ],
                "condition": [],
                "effect": "Allow",
                "not_actions": [],
                "not_principals": [],
                "not_resources": [],
                "principals": [
                  {
                    "identifiers": [
                      "ecs-tasks.amazonaws.com"
                    ],
                    "type": "Service"
                  }
                ],
                "resources": [],
                "sid": ""
              }
            ],
            "version": "2012-10-17"
          },
          "sensitive_attributes": []
        }
      ]
    },
    {
      "module": "module.ecs-cluster",
      "mode": "data",
      "type": "aws_iam_policy_document",
      "name": "ecs_agent",
      "provider": "provider[\"registry.terraform.io/hashicorp/aws\"]",
      "instances": [
        {
          "schema_version": 0,
          "attributes": {
            "id": "1443847869",
            "json": "{\n  \"Version\": \"2012-10-17\",\n  \"Statement\": [\n    {\n      \"Effect\": \"Allow\",\n      \"Action\": \"sts:AssumeRole\",\n      \"Principal\": {\n        \"Service\": \"ec2.amazonaws.com\"\n      }\n    }\n  ]\n}",
            "override_policy_documents": null,
            "policy_id": null,
            "source_policy_documents": null,
            "statement": [
              {
                "actions": [
                  "sts:AssumeRole"
                ],
                "condition": [],
                "effect": "Allow",
                "not_actions": [],
                "not_principals": [],
                "not_resources": [],
                "principals": [
                  {
                    "identifiers": [
                      "ec2.amazonaws.com"
                    ],
                    "type": "Service"
                  }
                ],
                "resources": [],
                "sid": ""
              }
            ],
            "version": "2012-10-17"
          },
          "sensitive_attributes": []
        }
      ]
    },
    {
      "module": "module.ecs-cluster",
      "mode": "data",
      "type": "aws_key_pair",
      "name": "example",
      "provider": "provider[\"registry.terraform.io/hashicorp/aws\"]",
      "instances": [
        {
          "schema_version": 0,
          "attributes": {
            "arn": "arn:aws:ec2:eu-north-1:454340114714:key-pair/sviat-key-Stockholm",
            "create_time": "2023-03-11T15:39:28Z",
            "filter": null,
            "fingerprint": "56:32:2c:b5:04:6e:14:4b:bd:b6:eb:2e:b2:e9:3e:5a:d8:e7:6f:52",
            "id": "key-058b0539ccd636b81",
            "include_public_key": true,
            "key_name": "sviat-key-Stockholm",
            "key_pair_id": "key-058b0539ccd636b81",
            "key_type": "rsa",
            "public_key": "ssh-rsa AAAAB3NzaC1yc2EAAAADAQABAAABAQC2s657eqDqAUVepxZi5+/IrdRqXBSk+LCyrDeU1OX7KIziSKMgWQgO8/qvCu9MDGEIq7xVenZrTaVCH78WAXkz1Lywgija5fcJ4sVcOghQ+xZDThJsLu1PDH4UutLC/kh/j3BKguoi6aGkxcU6uD2cmxFjHKuO6AI0IFcFYLKOPvj3zmQnziCPSjVcWm9JUnR2BByVQQhLW6KBR29pkkB8oPvgLFdZ2fYCObzGZBgfGbyAl5PBHcvZX1g/ma3/9i1s0vJCDrTEU220RA6699iEZSMecxWQEFHeFQRatYvZo05mVeW0Yx3KgaglX1pOmM4lE1RRq5LjLXVBrhFwppxZ sviat-key-Stockholm",
            "tags": {},
            "timeouts": null
          },
          "sensitive_attributes": []
        }
      ]
    },
    {
      "module": "module.ecs-cluster",
      "mode": "data",
      "type": "template_file",
      "name": "test",
      "provider": "provider[\"registry.terraform.io/hashicorp/template\"]",
      "instances": [
        {
          "schema_version": 0,
          "attributes": {
            "filename": null,
            "id": "1fd2926b13f8927116e988b223d25b98b6b16de04a0e5deb693a66c81c3cc103",
            "rendered": "#!/bin/bash\r\necho ECS_CLUSTER=prod-bloodbank-cluster \u003e\u003e /etc/ecs/ecs.config\r\n",
            "template": "#!/bin/bash\r\necho ECS_CLUSTER=prod-bloodbank-cluster \u003e\u003e /etc/ecs/ecs.config\r\n",
            "vars": null
          },
          "sensitive_attributes": []
        }
      ]
    },
    {
      "module": "module.ecs-cluster",
      "mode": "managed",
      "type": "aws_autoscaling_group",
      "name": "this",
      "provider": "provider[\"registry.terraform.io/hashicorp/aws\"]",
      "instances": [
        {
          "schema_version": 0,
          "attributes": {
            "arn": "arn:aws:autoscaling:eu-north-1:454340114714:autoScalingGroup:4a90d146-aed3-4629-a61e-e13b12b61226:autoScalingGroupName/prod-bloodbank-cluster",
            "availability_zones": [
              "eu-north-1a",
              "eu-north-1b"
            ],
            "capacity_rebalance": false,
            "context": "",
            "default_cooldown": 300,
            "default_instance_warmup": 0,
            "desired_capacity": 1,
            "desired_capacity_type": "",
            "enabled_metrics": [],
            "force_delete": false,
            "force_delete_warm_pool": false,
            "health_check_grace_period": 300,
            "health_check_type": "EC2",
            "id": "prod-bloodbank-cluster",
            "initial_lifecycle_hook": [],
            "instance_refresh": [],
            "launch_configuration": "",
            "launch_template": [
              {
                "id": "lt-0dc7715f3bf44f171",
                "name": "prod-lt",
                "version": "$Latest"
              }
            ],
            "load_balancers": [],
            "max_instance_lifetime": 0,
            "max_size": 2,
            "metrics_granularity": "1Minute",
            "min_elb_capacity": null,
            "min_size": 1,
            "mixed_instances_policy": [],
            "name": "prod-bloodbank-cluster",
            "name_prefix": "",
            "placement_group": "",
            "predicted_capacity": 0,
            "protect_from_scale_in": false,
            "service_linked_role_arn": "arn:aws:iam::454340114714:role/aws-service-role/autoscaling.amazonaws.com/AWSServiceRoleForAutoScaling",
            "suspended_processes": [],
            "tag": [
              {
                "key": "AmazonECSManaged",
                "propagate_at_launch": true,
                "value": "true"
              },
              {
                "key": "ecs_cluster",
                "propagate_at_launch": true,
                "value": "prod-bloodbank-cluster"
              }
            ],
            "target_group_arns": [],
            "termination_policies": [],
            "timeouts": null,
            "vpc_zone_identifier": [
              "subnet-0af41d9e3f06a1851",
              "subnet-0eb8232855a02a023"
            ],
            "wait_for_capacity_timeout": "10m",
            "wait_for_elb_capacity": null,
            "warm_pool": [],
            "warm_pool_size": 0
          },
          "sensitive_attributes": [],
          "private": "eyJlMmJmYjczMC1lY2FhLTExZTYtOGY4OC0zNDM2M2JjN2M0YzAiOnsiZGVsZXRlIjo2MDAwMDAwMDAwMDAsInVwZGF0ZSI6NjAwMDAwMDAwMDAwfX0=",
          "dependencies": [
            "module.ecs-cluster.aws_iam_instance_profile.ecs_agent",
            "module.ecs-cluster.aws_iam_role.ecs_agent",
            "module.ecs-cluster.aws_launch_template.this",
            "module.ecs-cluster.aws_security_group.ec2agent_sg",
            "module.ecs-cluster.data.aws_iam_policy_document.ecs_agent",
            "module.ecs-cluster.data.aws_key_pair.example",
            "module.ecs-cluster.data.template_file.test",
            "module.rds.aws_cloudwatch_event_rule.this",
            "module.rds.aws_cloudwatch_event_target.this",
            "module.rds.aws_db_instance.this",
            "module.rds.aws_db_subnet_group.this",
            "module.rds.aws_iam_instance_profile.this",
            "module.rds.aws_iam_policy.lambda_basic",
            "module.rds.aws_iam_role.ec2_role",
            "module.rds.aws_iam_role.lambda_role",
            "module.rds.aws_iam_role_policy_attachment.ec2_attach_policies",
            "module.rds.aws_iam_role_policy_attachment.lambda_attach_policies",
            "module.rds.aws_lambda_function.this",
            "module.rds.aws_lambda_permission.allow_cloudwatch",
            "module.rds.aws_s3_bucket.this",
            "module.rds.aws_s3_object.object",
            "module.rds.aws_security_group.db_sg",
            "module.rds.data.archive_file.python_lambda_package",
            "module.rds.data.aws_caller_identity.current",
            "module.rds.data.aws_cloudwatch_event_bus.default",
            "module.rds.data.aws_region.current",
            "module.rds.local_file.name",
            "module.rds.random_id.this",
            "module.vpc.aws_internet_gateway.this",
            "module.vpc.aws_route_table.this",
            "module.vpc.aws_route_table_association.this",
            "module.vpc.aws_subnet.private_subnets",
            "module.vpc.aws_subnet.public_subnets",
            "module.vpc.aws_vpc.this",
            "module.vpc.data.aws_availability_zones.available"
          ]
        }
      ]
    },
    {
      "module": "module.ecs-cluster",
      "mode": "managed",
      "type": "aws_ecs_cluster",
      "name": "this",
      "provider": "provider[\"registry.terraform.io/hashicorp/aws\"]",
      "instances": [
        {
          "schema_version": 0,
          "attributes": {
            "arn": "arn:aws:ecs:eu-north-1:454340114714:cluster/prod-bloodbank-cluster",
            "configuration": [],
            "id": "arn:aws:ecs:eu-north-1:454340114714:cluster/prod-bloodbank-cluster",
            "name": "prod-bloodbank-cluster",
            "service_connect_defaults": [],
            "setting": [
              {
                "name": "containerInsights",
                "value": "disabled"
              }
            ],
            "tags": {},
            "tags_all": {}
          },
          "sensitive_attributes": [],
          "private": "bnVsbA==",
          "dependencies": [
            "module.rds.aws_cloudwatch_event_rule.this",
            "module.rds.aws_cloudwatch_event_target.this",
            "module.rds.aws_db_instance.this",
            "module.rds.aws_db_subnet_group.this",
            "module.rds.aws_iam_instance_profile.this",
            "module.rds.aws_iam_policy.lambda_basic",
            "module.rds.aws_iam_role.ec2_role",
            "module.rds.aws_iam_role.lambda_role",
            "module.rds.aws_iam_role_policy_attachment.ec2_attach_policies",
            "module.rds.aws_iam_role_policy_attachment.lambda_attach_policies",
            "module.rds.aws_lambda_function.this",
            "module.rds.aws_lambda_permission.allow_cloudwatch",
            "module.rds.aws_s3_bucket.this",
            "module.rds.aws_s3_object.object",
            "module.rds.aws_security_group.db_sg",
            "module.rds.data.archive_file.python_lambda_package",
            "module.rds.data.aws_caller_identity.current",
            "module.rds.data.aws_cloudwatch_event_bus.default",
            "module.rds.data.aws_region.current",
            "module.rds.local_file.name",
            "module.rds.random_id.this",
            "module.vpc.aws_internet_gateway.this",
            "module.vpc.aws_route_table.this",
            "module.vpc.aws_route_table_association.this",
            "module.vpc.aws_subnet.private_subnets",
            "module.vpc.aws_subnet.public_subnets",
            "module.vpc.aws_vpc.this",
            "module.vpc.data.aws_availability_zones.available"
          ]
        }
      ]
    },
    {
      "module": "module.ecs-cluster",
      "mode": "managed",
      "type": "aws_ecs_service",
      "name": "this",
      "provider": "provider[\"registry.terraform.io/hashicorp/aws\"]",
      "instances": [
        {
          "schema_version": 0,
          "attributes": {
            "alarms": [],
            "capacity_provider_strategy": [],
            "cluster": "arn:aws:ecs:eu-north-1:454340114714:cluster/prod-bloodbank-cluster",
            "deployment_circuit_breaker": [
              {
                "enable": false,
                "rollback": false
              }
            ],
            "deployment_controller": [
              {
                "type": "ECS"
              }
            ],
            "deployment_maximum_percent": 200,
            "deployment_minimum_healthy_percent": 100,
            "desired_count": 1,
            "enable_ecs_managed_tags": false,
            "enable_execute_command": false,
            "force_new_deployment": null,
            "health_check_grace_period_seconds": 35,
            "iam_role": "/aws-service-role/ecs.amazonaws.com/AWSServiceRoleForECS",
            "id": "arn:aws:ecs:eu-north-1:454340114714:service/prod-bloodbank-cluster/prod-bloodbank-service",
            "launch_type": "EC2",
            "load_balancer": [
              {
                "container_name": "nginx",
                "container_port": 80,
                "elb_name": "",
                "target_group_arn": "arn:aws:elasticloadbalancing:eu-north-1:454340114714:targetgroup/tg-prod-lb/8b05298030830733"
              }
            ],
            "name": "prod-bloodbank-service",
            "network_configuration": [],
            "ordered_placement_strategy": [],
            "placement_constraints": [],
            "platform_version": "",
            "propagate_tags": "NONE",
            "scheduling_strategy": "REPLICA",
            "service_connect_configuration": [],
            "service_registries": [],
            "tags": {},
            "tags_all": {},
            "task_definition": "arn:aws:ecs:eu-north-1:454340114714:task-definition/prod-bloodbank:22",
            "timeouts": null,
            "triggers": {},
            "wait_for_steady_state": false
          },
          "sensitive_attributes": [],
          "private": "eyJlMmJmYjczMC1lY2FhLTExZTYtOGY4OC0zNDM2M2JjN2M0YzAiOnsiY3JlYXRlIjoxMjAwMDAwMDAwMDAwLCJkZWxldGUiOjEyMDAwMDAwMDAwMDAsInVwZGF0ZSI6MTIwMDAwMDAwMDAwMH19",
          "dependencies": [
            "module.ecs-cluster.aws_autoscaling_group.this",
            "module.ecs-cluster.aws_ecs_cluster.this",
            "module.ecs-cluster.aws_ecs_task_definition.this",
            "module.ecs-cluster.aws_iam_instance_profile.ecs_agent",
            "module.ecs-cluster.aws_iam_role.ecsTaskExecutionRole",
            "module.ecs-cluster.aws_iam_role.ecs_agent",
            "module.ecs-cluster.aws_launch_template.this",
            "module.ecs-cluster.aws_lb_target_group.this",
            "module.ecs-cluster.aws_security_group.ec2agent_sg",
            "module.ecs-cluster.data.aws_iam_policy_document.assume_role_policy",
            "module.ecs-cluster.data.aws_iam_policy_document.ecs_agent",
            "module.ecs-cluster.data.aws_key_pair.example",
            "module.ecs-cluster.data.template_file.test",
            "module.rds.aws_cloudwatch_event_rule.this",
            "module.rds.aws_cloudwatch_event_target.this",
            "module.rds.aws_db_instance.this",
            "module.rds.aws_db_subnet_group.this",
            "module.rds.aws_iam_instance_profile.this",
            "module.rds.aws_iam_policy.lambda_basic",
            "module.rds.aws_iam_role.ec2_role",
            "module.rds.aws_iam_role.lambda_role",
            "module.rds.aws_iam_role_policy_attachment.ec2_attach_policies",
            "module.rds.aws_iam_role_policy_attachment.lambda_attach_policies",
            "module.rds.aws_lambda_function.this",
            "module.rds.aws_lambda_permission.allow_cloudwatch",
            "module.rds.aws_s3_bucket.this",
            "module.rds.aws_s3_object.object",
            "module.rds.aws_security_group.db_sg",
            "module.rds.data.archive_file.python_lambda_package",
            "module.rds.data.aws_caller_identity.current",
            "module.rds.data.aws_cloudwatch_event_bus.default",
            "module.rds.data.aws_region.current",
            "module.rds.local_file.name",
            "module.rds.random_id.this",
            "module.vpc.aws_internet_gateway.this",
            "module.vpc.aws_route_table.this",
            "module.vpc.aws_route_table_association.this",
            "module.vpc.aws_subnet.private_subnets",
            "module.vpc.aws_subnet.public_subnets",
            "module.vpc.aws_vpc.this",
            "module.vpc.data.aws_availability_zones.available"
          ]
        }
      ]
    },
    {
      "module": "module.ecs-cluster",
      "mode": "managed",
      "type": "aws_ecs_task_definition",
      "name": "this",
      "provider": "provider[\"registry.terraform.io/hashicorp/aws\"]",
      "instances": [
        {
          "schema_version": 1,
          "attributes": {
            "arn": "arn:aws:ecs:eu-north-1:454340114714:task-definition/prod-bloodbank:22",
            "arn_without_revision": "arn:aws:ecs:eu-north-1:454340114714:task-definition/prod-bloodbank",
            "container_definitions": "[{\"cpu\":140,\"environment\":[],\"environmentFiles\":[{\"type\":\"s3\",\"value\":\"arn:aws:s3:::prod-bloodbank-8a9e6809e8218109/.env\"}],\"essential\":true,\"image\":\"454340114714.dkr.ecr.eu-north-1.amazonaws.com/fpm:latest\",\"logConfiguration\":{\"logDriver\":\"awslogs\",\"options\":{\"awslogs-group\":\"bloodbank\",\"awslogs-region\":\"eu-north-1\",\"awslogs-stream-prefix\":\"9000\"}},\"memory\":140,\"mountPoints\":[],\"name\":\"fpm\",\"portMappings\":[{\"containerPort\":9000,\"hostPort\":0,\"protocol\":\"tcp\"}],\"volumesFrom\":[]},{\"cpu\":140,\"dependsOn\":[{\"condition\":\"START\",\"containerName\":\"fpm\"}],\"environment\":[],\"essential\":false,\"image\":\"454340114714.dkr.ecr.eu-north-1.amazonaws.com/nginx:latest\",\"logConfiguration\":{\"logDriver\":\"awslogs\",\"options\":{\"awslogs-group\":\"bloodbank\",\"awslogs-region\":\"eu-north-1\",\"awslogs-stream-prefix\":\"80\"}},\"memory\":140,\"mountPoints\":[],\"name\":\"nginx\",\"portMappings\":[{\"containerPort\":80,\"hostPort\":0,\"protocol\":\"tcp\"}],\"volumesFrom\":[]}]",
            "cpu": "",
            "ephemeral_storage": [],
            "execution_role_arn": "arn:aws:iam::454340114714:role/bloodbank-execution-task-role",
            "family": "prod-bloodbank",
            "id": "prod-bloodbank",
            "inference_accelerator": [],
            "ipc_mode": "",
            "memory": "",
            "network_mode": "bridge",
            "pid_mode": "",
            "placement_constraints": [],
            "proxy_configuration": [],
            "requires_compatibilities": [
              "EC2"
            ],
            "revision": 22,
            "runtime_platform": [],
            "skip_destroy": false,
            "tags": {},
            "tags_all": {},
            "task_role_arn": "arn:aws:iam::454340114714:role/bloodbank-execution-task-role",
            "volume": []
          },
          "sensitive_attributes": [],
          "private": "eyJzY2hlbWFfdmVyc2lvbiI6IjEifQ==",
          "dependencies": [
            "module.ecs-cluster.aws_iam_role.ecsTaskExecutionRole",
            "module.ecs-cluster.data.aws_iam_policy_document.assume_role_policy",
            "module.rds.aws_cloudwatch_event_rule.this",
            "module.rds.aws_cloudwatch_event_target.this",
            "module.rds.aws_db_instance.this",
            "module.rds.aws_db_subnet_group.this",
            "module.rds.aws_iam_instance_profile.this",
            "module.rds.aws_iam_policy.lambda_basic",
            "module.rds.aws_iam_role.ec2_role",
            "module.rds.aws_iam_role.lambda_role",
            "module.rds.aws_iam_role_policy_attachment.ec2_attach_policies",
            "module.rds.aws_iam_role_policy_attachment.lambda_attach_policies",
            "module.rds.aws_lambda_function.this",
            "module.rds.aws_lambda_permission.allow_cloudwatch",
            "module.rds.aws_s3_bucket.this",
            "module.rds.aws_s3_object.object",
            "module.rds.aws_security_group.db_sg",
            "module.rds.data.archive_file.python_lambda_package",
            "module.rds.data.aws_caller_identity.current",
            "module.rds.data.aws_cloudwatch_event_bus.default",
            "module.rds.data.aws_region.current",
            "module.rds.local_file.name",
            "module.rds.random_id.this",
            "module.vpc.aws_internet_gateway.this",
            "module.vpc.aws_route_table.this",
            "module.vpc.aws_route_table_association.this",
            "module.vpc.aws_subnet.private_subnets",
            "module.vpc.aws_subnet.public_subnets",
            "module.vpc.aws_vpc.this",
            "module.vpc.data.aws_availability_zones.available"
          ]
        }
      ]
    },
    {
      "module": "module.ecs-cluster",
      "mode": "managed",
      "type": "aws_iam_instance_profile",
      "name": "ecs_agent",
      "provider": "provider[\"registry.terraform.io/hashicorp/aws\"]",
      "instances": [
        {
          "schema_version": 0,
          "attributes": {
            "arn": "arn:aws:iam::454340114714:instance-profile/ecs-agent",
            "create_date": "2023-06-28T22:09:40Z",
            "id": "ecs-agent",
            "name": "ecs-agent",
            "name_prefix": "",
            "path": "/",
            "role": "ecs-agent",
            "tags": {},
            "tags_all": {},
            "unique_id": "AIPAWTSGH7ENKZ67EBHU2"
          },
          "sensitive_attributes": [],
          "private": "bnVsbA==",
          "dependencies": [
            "module.ecs-cluster.aws_iam_role.ecs_agent",
            "module.ecs-cluster.data.aws_iam_policy_document.ecs_agent",
            "module.rds.aws_cloudwatch_event_rule.this",
            "module.rds.aws_cloudwatch_event_target.this",
            "module.rds.aws_db_instance.this",
            "module.rds.aws_db_subnet_group.this",
            "module.rds.aws_iam_instance_profile.this",
            "module.rds.aws_iam_policy.lambda_basic",
            "module.rds.aws_iam_role.ec2_role",
            "module.rds.aws_iam_role.lambda_role",
            "module.rds.aws_iam_role_policy_attachment.ec2_attach_policies",
            "module.rds.aws_iam_role_policy_attachment.lambda_attach_policies",
            "module.rds.aws_lambda_function.this",
            "module.rds.aws_lambda_permission.allow_cloudwatch",
            "module.rds.aws_s3_bucket.this",
            "module.rds.aws_s3_object.object",
            "module.rds.aws_security_group.db_sg",
            "module.rds.data.archive_file.python_lambda_package",
            "module.rds.data.aws_caller_identity.current",
            "module.rds.data.aws_cloudwatch_event_bus.default",
            "module.rds.data.aws_region.current",
            "module.rds.local_file.name",
            "module.rds.random_id.this",
            "module.vpc.aws_internet_gateway.this",
            "module.vpc.aws_route_table.this",
            "module.vpc.aws_route_table_association.this",
            "module.vpc.aws_subnet.private_subnets",
            "module.vpc.aws_subnet.public_subnets",
            "module.vpc.aws_vpc.this",
            "module.vpc.data.aws_availability_zones.available"
          ]
        }
      ]
    },
    {
      "module": "module.ecs-cluster",
      "mode": "managed",
      "type": "aws_iam_role",
      "name": "ecsTaskExecutionRole",
      "provider": "provider[\"registry.terraform.io/hashicorp/aws\"]",
      "instances": [
        {
          "schema_version": 0,
          "attributes": {
            "arn": "arn:aws:iam::454340114714:role/bloodbank-execution-task-role",
            "assume_role_policy": "{\"Statement\":[{\"Action\":\"sts:AssumeRole\",\"Effect\":\"Allow\",\"Principal\":{\"Service\":\"ecs-tasks.amazonaws.com\"}}],\"Version\":\"2012-10-17\"}",
            "create_date": "2023-06-28T22:09:39Z",
            "description": "",
            "force_detach_policies": false,
            "id": "bloodbank-execution-task-role",
            "inline_policy": [],
            "managed_policy_arns": [
              "arn:aws:iam::454340114714:policy/S3_get_env_object",
              "arn:aws:iam::aws:policy/service-role/AmazonEC2ContainerServiceforEC2Role"
            ],
            "max_session_duration": 3600,
            "name": "bloodbank-execution-task-role",
            "name_prefix": "",
            "path": "/",
            "permissions_boundary": null,
            "role_last_used": [
              {
                "last_used_date": "2023-06-29T01:47:55Z",
                "region": "eu-north-1"
              }
            ],
            "tags": {
              "Environment": "prod",
              "Name": "bloodbank-iam-role"
            },
            "tags_all": {
              "Environment": "prod",
              "Name": "bloodbank-iam-role"
            },
            "unique_id": "AROAWTSGH7ENJP7YKLLXQ"
          },
          "sensitive_attributes": [],
          "private": "bnVsbA==",
          "dependencies": [
            "module.ecs-cluster.data.aws_iam_policy_document.assume_role_policy",
            "module.rds.aws_cloudwatch_event_rule.this",
            "module.rds.aws_cloudwatch_event_target.this",
            "module.rds.aws_db_instance.this",
            "module.rds.aws_db_subnet_group.this",
            "module.rds.aws_iam_instance_profile.this",
            "module.rds.aws_iam_policy.lambda_basic",
            "module.rds.aws_iam_role.ec2_role",
            "module.rds.aws_iam_role.lambda_role",
            "module.rds.aws_iam_role_policy_attachment.ec2_attach_policies",
            "module.rds.aws_iam_role_policy_attachment.lambda_attach_policies",
            "module.rds.aws_lambda_function.this",
            "module.rds.aws_lambda_permission.allow_cloudwatch",
            "module.rds.aws_s3_bucket.this",
            "module.rds.aws_s3_object.object",
            "module.rds.aws_security_group.db_sg",
            "module.rds.data.archive_file.python_lambda_package",
            "module.rds.data.aws_caller_identity.current",
            "module.rds.data.aws_cloudwatch_event_bus.default",
            "module.rds.data.aws_region.current",
            "module.rds.local_file.name",
            "module.rds.random_id.this",
            "module.vpc.aws_internet_gateway.this",
            "module.vpc.aws_route_table.this",
            "module.vpc.aws_route_table_association.this",
            "module.vpc.aws_subnet.private_subnets",
            "module.vpc.aws_subnet.public_subnets",
            "module.vpc.aws_vpc.this",
            "module.vpc.data.aws_availability_zones.available"
          ]
        }
      ]
    },
    {
      "module": "module.ecs-cluster",
      "mode": "managed",
      "type": "aws_iam_role",
      "name": "ecs_agent",
      "provider": "provider[\"registry.terraform.io/hashicorp/aws\"]",
      "instances": [
        {
          "schema_version": 0,
          "attributes": {
            "arn": "arn:aws:iam::454340114714:role/ecs-agent",
            "assume_role_policy": "{\"Statement\":[{\"Action\":\"sts:AssumeRole\",\"Effect\":\"Allow\",\"Principal\":{\"Service\":\"ec2.amazonaws.com\"}}],\"Version\":\"2012-10-17\"}",
            "create_date": "2023-06-28T22:09:39Z",
            "description": "",
            "force_detach_policies": false,
            "id": "ecs-agent",
            "inline_policy": [],
            "managed_policy_arns": [
              "arn:aws:iam::454340114714:policy/policy_for_logs",
              "arn:aws:iam::aws:policy/service-role/AmazonEC2ContainerServiceforEC2Role"
            ],
            "max_session_duration": 3600,
            "name": "ecs-agent",
            "name_prefix": "",
            "path": "/",
            "permissions_boundary": null,
            "role_last_used": [
              {
                "last_used_date": "2023-06-29T01:47:56Z",
                "region": "eu-north-1"
              }
            ],
            "tags": {},
            "tags_all": {},
            "unique_id": "AROAWTSGH7ENG63DUAVEA"
          },
          "sensitive_attributes": [],
          "private": "bnVsbA==",
          "dependencies": [
            "module.ecs-cluster.data.aws_iam_policy_document.ecs_agent",
            "module.rds.aws_cloudwatch_event_rule.this",
            "module.rds.aws_cloudwatch_event_target.this",
            "module.rds.aws_db_instance.this",
            "module.rds.aws_db_subnet_group.this",
            "module.rds.aws_iam_instance_profile.this",
            "module.rds.aws_iam_policy.lambda_basic",
            "module.rds.aws_iam_role.ec2_role",
            "module.rds.aws_iam_role.lambda_role",
            "module.rds.aws_iam_role_policy_attachment.ec2_attach_policies",
            "module.rds.aws_iam_role_policy_attachment.lambda_attach_policies",
            "module.rds.aws_lambda_function.this",
            "module.rds.aws_lambda_permission.allow_cloudwatch",
            "module.rds.aws_s3_bucket.this",
            "module.rds.aws_s3_object.object",
            "module.rds.aws_security_group.db_sg",
            "module.rds.data.archive_file.python_lambda_package",
            "module.rds.data.aws_caller_identity.current",
            "module.rds.data.aws_cloudwatch_event_bus.default",
            "module.rds.data.aws_region.current",
            "module.rds.local_file.name",
            "module.rds.random_id.this",
            "module.vpc.aws_internet_gateway.this",
            "module.vpc.aws_route_table.this",
            "module.vpc.aws_route_table_association.this",
            "module.vpc.aws_subnet.private_subnets",
            "module.vpc.aws_subnet.public_subnets",
            "module.vpc.aws_vpc.this",
            "module.vpc.data.aws_availability_zones.available"
          ]
        }
      ]
    },
    {
      "module": "module.ecs-cluster",
      "mode": "managed",
      "type": "aws_launch_template",
      "name": "this",
      "provider": "provider[\"registry.terraform.io/hashicorp/aws\"]",
      "instances": [
        {
          "schema_version": 0,
          "attributes": {
            "arn": "arn:aws:ec2:eu-north-1:454340114714:launch-template/lt-0dc7715f3bf44f171",
            "block_device_mappings": [],
            "capacity_reservation_specification": [],
            "cpu_options": [],
            "credit_specification": [],
            "default_version": 1,
            "description": "",
            "disable_api_stop": false,
            "disable_api_termination": false,
            "ebs_optimized": "",
            "elastic_gpu_specifications": [],
            "elastic_inference_accelerator": [],
            "enclave_options": [],
            "hibernation_options": [],
            "iam_instance_profile": [
              {
                "arn": "",
                "name": "ecs-agent"
              }
            ],
            "id": "lt-0dc7715f3bf44f171",
            "image_id": "ami-03cea695e051031be",
            "instance_initiated_shutdown_behavior": "",
            "instance_market_options": [],
            "instance_requirements": [],
            "instance_type": "t3.micro",
            "kernel_id": "",
            "key_name": "sviat-key-Stockholm",
            "latest_version": 1,
            "license_specification": [],
            "maintenance_options": [],
            "metadata_options": [],
            "monitoring": [],
            "name": "prod-lt",
            "name_prefix": "",
            "network_interfaces": [],
            "placement": [],
            "private_dns_name_options": [],
            "ram_disk_id": "",
            "security_group_names": [],
            "tag_specifications": [],
            "tags": {},
            "tags_all": {},
            "update_default_version": null,
            "user_data": "IyEvYmluL2Jhc2gNCmVjaG8gRUNTX0NMVVNURVI9cHJvZC1ibG9vZGJhbmstY2x1c3RlciA+PiAvZXRjL2Vjcy9lY3MuY29uZmlnDQo=",
            "vpc_security_group_ids": [
              "sg-028858f10a30122da"
            ]
          },
          "sensitive_attributes": [],
          "private": "bnVsbA==",
          "dependencies": [
            "module.ecs-cluster.aws_iam_instance_profile.ecs_agent",
            "module.ecs-cluster.aws_iam_role.ecs_agent",
            "module.ecs-cluster.aws_security_group.ec2agent_sg",
            "module.ecs-cluster.data.aws_iam_policy_document.ecs_agent",
            "module.ecs-cluster.data.aws_key_pair.example",
            "module.ecs-cluster.data.template_file.test",
            "module.rds.aws_cloudwatch_event_rule.this",
            "module.rds.aws_cloudwatch_event_target.this",
            "module.rds.aws_db_instance.this",
            "module.rds.aws_db_subnet_group.this",
            "module.rds.aws_iam_instance_profile.this",
            "module.rds.aws_iam_policy.lambda_basic",
            "module.rds.aws_iam_role.ec2_role",
            "module.rds.aws_iam_role.lambda_role",
            "module.rds.aws_iam_role_policy_attachment.ec2_attach_policies",
            "module.rds.aws_iam_role_policy_attachment.lambda_attach_policies",
            "module.rds.aws_lambda_function.this",
            "module.rds.aws_lambda_permission.allow_cloudwatch",
            "module.rds.aws_s3_bucket.this",
            "module.rds.aws_s3_object.object",
            "module.rds.aws_security_group.db_sg",
            "module.rds.data.archive_file.python_lambda_package",
            "module.rds.data.aws_caller_identity.current",
            "module.rds.data.aws_cloudwatch_event_bus.default",
            "module.rds.data.aws_region.current",
            "module.rds.local_file.name",
            "module.rds.random_id.this",
            "module.vpc.aws_internet_gateway.this",
            "module.vpc.aws_route_table.this",
            "module.vpc.aws_route_table_association.this",
            "module.vpc.aws_subnet.private_subnets",
            "module.vpc.aws_subnet.public_subnets",
            "module.vpc.aws_vpc.this",
            "module.vpc.data.aws_availability_zones.available"
          ]
        }
      ]
    },
    {
      "module": "module.ecs-cluster",
      "mode": "managed",
      "type": "aws_lb_target_group",
      "name": "this",
      "provider": "provider[\"registry.terraform.io/hashicorp/aws\"]",
      "instances": [
        {
          "schema_version": 0,
          "attributes": {
            "arn": "arn:aws:elasticloadbalancing:eu-north-1:454340114714:targetgroup/tg-prod-lb/8b05298030830733",
            "arn_suffix": "targetgroup/tg-prod-lb/8b05298030830733",
            "connection_termination": false,
            "deregistration_delay": "300",
            "health_check": [
              {
                "enabled": true,
                "healthy_threshold": 3,
                "interval": 25,
                "matcher": "200",
                "path": "/",
                "port": "traffic-port",
                "protocol": "HTTP",
                "timeout": 20,
                "unhealthy_threshold": 3
              }
            ],
            "id": "arn:aws:elasticloadbalancing:eu-north-1:454340114714:targetgroup/tg-prod-lb/8b05298030830733",
            "ip_address_type": "ipv4",
            "lambda_multi_value_headers_enabled": false,
            "load_balancing_algorithm_type": "round_robin",
            "load_balancing_cross_zone_enabled": "use_load_balancer_configuration",
            "name": "tg-prod-lb",
            "name_prefix": null,
            "port": 80,
            "preserve_client_ip": null,
            "protocol": "HTTP",
            "protocol_version": "HTTP1",
            "proxy_protocol_v2": false,
            "slow_start": 0,
            "stickiness": [
              {
                "cookie_duration": 86400,
                "cookie_name": "",
                "enabled": false,
                "type": "lb_cookie"
              }
            ],
            "tags": {},
            "tags_all": {},
            "target_failover": [
              {
                "on_deregistration": null,
                "on_unhealthy": null
              }
            ],
            "target_type": "instance",
            "vpc_id": "vpc-0f21f0eecab4f3234"
          },
          "sensitive_attributes": [],
          "private": "bnVsbA==",
          "dependencies": [
            "module.rds.aws_cloudwatch_event_rule.this",
            "module.rds.aws_cloudwatch_event_target.this",
            "module.rds.aws_db_instance.this",
            "module.rds.aws_db_subnet_group.this",
            "module.rds.aws_iam_instance_profile.this",
            "module.rds.aws_iam_policy.lambda_basic",
            "module.rds.aws_iam_role.ec2_role",
            "module.rds.aws_iam_role.lambda_role",
            "module.rds.aws_iam_role_policy_attachment.ec2_attach_policies",
            "module.rds.aws_iam_role_policy_attachment.lambda_attach_policies",
            "module.rds.aws_lambda_function.this",
            "module.rds.aws_lambda_permission.allow_cloudwatch",
            "module.rds.aws_s3_bucket.this",
            "module.rds.aws_s3_object.object",
            "module.rds.aws_security_group.db_sg",
            "module.rds.data.archive_file.python_lambda_package",
            "module.rds.data.aws_caller_identity.current",
            "module.rds.data.aws_cloudwatch_event_bus.default",
            "module.rds.data.aws_region.current",
            "module.rds.local_file.name",
            "module.rds.random_id.this",
            "module.vpc.aws_internet_gateway.this",
            "module.vpc.aws_route_table.this",
            "module.vpc.aws_route_table_association.this",
            "module.vpc.aws_subnet.private_subnets",
            "module.vpc.aws_subnet.public_subnets",
            "module.vpc.aws_vpc.this",
            "module.vpc.data.aws_availability_zones.available"
          ]
        }
      ]
    },
    {
      "module": "module.ecs-cluster",
      "mode": "managed",
      "type": "aws_security_group",
      "name": "ec2agent_sg",
      "provider": "provider[\"registry.terraform.io/hashicorp/aws\"]",
      "instances": [
        {
          "schema_version": 1,
          "attributes": {
            "arn": "arn:aws:ec2:eu-north-1:454340114714:security-group/sg-028858f10a30122da",
            "description": "Allow inbound http trafic",
            "egress": [
              {
                "cidr_blocks": [
                  "0.0.0.0/0"
                ],
                "description": "",
                "from_port": 0,
                "ipv6_cidr_blocks": [
                  "::/0"
                ],
                "prefix_list_ids": [],
                "protocol": "-1",
                "security_groups": [],
                "self": false,
                "to_port": 0
              }
            ],
            "id": "sg-028858f10a30122da",
            "ingress": [
              {
                "cidr_blocks": [
                  "0.0.0.0/0"
                ],
                "description": "",
                "from_port": 22,
                "ipv6_cidr_blocks": [],
                "prefix_list_ids": [],
                "protocol": "tcp",
                "security_groups": [],
                "self": false,
                "to_port": 22
              },
              {
                "cidr_blocks": [
                  "10.0.0.0/16"
                ],
                "description": "",
                "from_port": 0,
                "ipv6_cidr_blocks": [],
                "prefix_list_ids": [],
                "protocol": "-1",
                "security_groups": [],
                "self": false,
                "to_port": 0
              }
            ],
            "name": "allow_ec2agent_connection",
            "name_prefix": "",
            "owner_id": "454340114714",
            "revoke_rules_on_delete": false,
            "tags": {
              "Name": "allow_http"
            },
            "tags_all": {
              "Name": "allow_http"
            },
            "timeouts": null,
            "vpc_id": "vpc-0f21f0eecab4f3234"
          },
          "sensitive_attributes": [],
          "private": "eyJlMmJmYjczMC1lY2FhLTExZTYtOGY4OC0zNDM2M2JjN2M0YzAiOnsiY3JlYXRlIjo2MDAwMDAwMDAwMDAsImRlbGV0ZSI6OTAwMDAwMDAwMDAwfSwic2NoZW1hX3ZlcnNpb24iOiIxIn0=",
          "dependencies": [
            "module.rds.aws_cloudwatch_event_rule.this",
            "module.rds.aws_cloudwatch_event_target.this",
            "module.rds.aws_db_instance.this",
            "module.rds.aws_db_subnet_group.this",
            "module.rds.aws_iam_instance_profile.this",
            "module.rds.aws_iam_policy.lambda_basic",
            "module.rds.aws_iam_role.ec2_role",
            "module.rds.aws_iam_role.lambda_role",
            "module.rds.aws_iam_role_policy_attachment.ec2_attach_policies",
            "module.rds.aws_iam_role_policy_attachment.lambda_attach_policies",
            "module.rds.aws_lambda_function.this",
            "module.rds.aws_lambda_permission.allow_cloudwatch",
            "module.rds.aws_s3_bucket.this",
            "module.rds.aws_s3_object.object",
            "module.rds.aws_security_group.db_sg",
            "module.rds.data.archive_file.python_lambda_package",
            "module.rds.data.aws_caller_identity.current",
            "module.rds.data.aws_cloudwatch_event_bus.default",
            "module.rds.data.aws_region.current",
            "module.rds.local_file.name",
            "module.rds.random_id.this",
            "module.vpc.aws_internet_gateway.this",
            "module.vpc.aws_route_table.this",
            "module.vpc.aws_route_table_association.this",
            "module.vpc.aws_subnet.private_subnets",
            "module.vpc.aws_subnet.public_subnets",
            "module.vpc.aws_vpc.this",
            "module.vpc.data.aws_availability_zones.available"
          ]
        }
      ]
    },
    {
      "module": "module.rds",
      "mode": "data",
      "type": "archive_file",
      "name": "python_lambda_package",
      "provider": "provider[\"registry.terraform.io/hashicorp/archive\"]",
      "instances": [
        {
          "index_key": 0,
          "schema_version": 0,
          "attributes": {
            "exclude_symlink_directories": null,
            "excludes": null,
            "id": "f55529e2b1549d583ce4bb550823536378c52a5d",
            "output_base64sha256": "Q27UNc3l+L+EEyFNuQb/aHycoi0jJVY9XN88UZQA0iE=",
            "output_base64sha512": "p6iq83i5cUrBWdtCiw33xnOL7INi14T+/aIohqg5b1XoVqzsWaEXy/yTYsy8niOM90LbJxul1f+Qo/QGRxc/9g==",
            "output_file_mode": null,
            "output_md5": "ad813f44e5aedc57edb07ce768b70a00",
            "output_path": "lambda_function.zip",
            "output_sha": "f55529e2b1549d583ce4bb550823536378c52a5d",
            "output_sha256": "436ed435cde5f8bf8413214db906ff687c9ca22d2325563d5cdf3c519400d221",
            "output_sha512": "a7a8aaf378b9714ac159db428b0df7c6738bec8362d784fefda22886a8396f55e856acec59a117cbfc9362ccbc9e238cf742db271ba5d5ff90a3f40647173ff6",
            "output_size": 876,
            "source": [],
            "source_content": null,
            "source_content_filename": null,
            "source_dir": null,
            "source_file": "../modules/rds/code/lambda_function.py",
            "type": "zip"
          },
          "sensitive_attributes": []
        }
      ]
    },
    {
      "module": "module.rds",
      "mode": "data",
      "type": "aws_caller_identity",
      "name": "current",
      "provider": "provider[\"registry.terraform.io/hashicorp/aws\"]",
      "instances": [
        {
          "schema_version": 0,
          "attributes": {
            "account_id": "454340114714",
            "arn": "arn:aws:iam::454340114714:user/terraform",
            "id": "454340114714",
            "user_id": "AIDAWTSGH7ENGZTLOXC37"
          },
          "sensitive_attributes": []
        }
      ]
    },
    {
      "module": "module.rds",
      "mode": "data",
      "type": "aws_cloudwatch_event_bus",
      "name": "default",
      "provider": "provider[\"registry.terraform.io/hashicorp/aws\"]",
      "instances": [
        {
          "schema_version": 0,
          "attributes": {
            "arn": "arn:aws:events:eu-north-1:454340114714:event-bus/default",
            "id": "default",
            "name": "default"
          },
          "sensitive_attributes": []
        }
      ]
    },
    {
      "module": "module.rds",
      "mode": "data",
      "type": "aws_region",
      "name": "current",
      "provider": "provider[\"registry.terraform.io/hashicorp/aws\"]",
      "instances": [
        {
          "schema_version": 0,
          "attributes": {
            "description": "Europe (Stockholm)",
            "endpoint": "ec2.eu-north-1.amazonaws.com",
            "id": "eu-north-1",
            "name": "eu-north-1"
          },
          "sensitive_attributes": []
        }
      ]
    },
    {
      "module": "module.rds",
      "mode": "managed",
      "type": "aws_cloudwatch_event_rule",
      "name": "this",
      "provider": "provider[\"registry.terraform.io/hashicorp/aws\"]",
      "instances": [
        {
          "index_key": 0,
          "schema_version": 0,
          "attributes": {
            "arn": "arn:aws:events:eu-north-1:454340114714:rule/prod-creation-db-rule",
            "description": "Capture creation of rds db instance",
            "event_bus_name": "default",
            "event_pattern": "{\"detail\":{\"EventID\":[\"RDS-EVENT-0005\"]},\"detail-type\":[\"RDS DB Instance Event\"],\"source\":[\"aws.rds\"]}",
            "id": "prod-creation-db-rule",
            "is_enabled": true,
            "name": "prod-creation-db-rule",
            "name_prefix": "",
            "role_arn": "",
            "schedule_expression": "",
            "tags": {},
            "tags_all": {}
          },
          "sensitive_attributes": [],
          "private": "bnVsbA==",
          "dependencies": [
            "module.vpc.aws_internet_gateway.this",
            "module.vpc.aws_route_table.this",
            "module.vpc.aws_route_table_association.this",
            "module.vpc.aws_subnet.private_subnets",
            "module.vpc.aws_subnet.public_subnets",
            "module.vpc.aws_vpc.this",
            "module.vpc.data.aws_availability_zones.available"
          ]
        }
      ]
    },
    {
      "module": "module.rds",
      "mode": "managed",
      "type": "aws_cloudwatch_event_target",
      "name": "this",
      "provider": "provider[\"registry.terraform.io/hashicorp/aws\"]",
      "instances": [
        {
          "index_key": 0,
          "schema_version": 1,
          "attributes": {
            "arn": "arn:aws:lambda:eu-north-1:454340114714:function:prod-lambda-for-restore-db",
            "batch_target": [],
            "dead_letter_config": [],
            "ecs_target": [],
            "event_bus_name": "default",
            "http_target": [],
            "id": "prod-creation-db-rule-terraform-20230628220540142000000008",
            "input": "",
            "input_path": "",
            "input_transformer": [
              {
                "input_paths": {
                  "DB_ID": "$.detail.SourceIdentifier"
                },
                "input_template": "{\r\n  \"DB_ID\": \u003cDB_ID\u003e\r\n}\r\n"
              }
            ],
            "kinesis_target": [],
            "redshift_target": [],
            "retry_policy": [],
            "role_arn": "",
            "rule": "prod-creation-db-rule",
            "run_command_targets": [],
            "sqs_target": [],
            "target_id": "terraform-20230628220540142000000008"
          },
          "sensitive_attributes": [],
          "private": "eyJzY2hlbWFfdmVyc2lvbiI6IjEifQ==",
          "dependencies": [
            "module.rds.aws_cloudwatch_event_rule.this",
            "module.rds.aws_iam_instance_profile.this",
            "module.rds.aws_iam_role.ec2_role",
            "module.rds.aws_iam_role.lambda_role",
            "module.rds.aws_lambda_function.this",
            "module.rds.data.archive_file.python_lambda_package",
            "module.rds.data.aws_region.current",
            "module.vpc.aws_internet_gateway.this",
            "module.vpc.aws_route_table.this",
            "module.vpc.aws_route_table_association.this",
            "module.vpc.aws_subnet.private_subnets",
            "module.vpc.aws_subnet.public_subnets",
            "module.vpc.aws_vpc.this",
            "module.vpc.data.aws_availability_zones.available"
          ]
        }
      ]
    },
    {
      "module": "module.rds",
      "mode": "managed",
      "type": "aws_db_instance",
      "name": "this",
      "provider": "provider[\"registry.terraform.io/hashicorp/aws\"]",
      "instances": [
        {
          "schema_version": 2,
          "attributes": {
            "address": "bloodbank.cfwcsph4aagv.eu-north-1.rds.amazonaws.com",
            "allocated_storage": 20,
            "allow_major_version_upgrade": null,
            "apply_immediately": false,
            "arn": "arn:aws:rds:eu-north-1:454340114714:db:bloodbank",
            "auto_minor_version_upgrade": true,
            "availability_zone": "eu-north-1b",
            "backup_retention_period": 0,
            "backup_window": "05:42-06:12",
            "blue_green_update": [],
            "ca_cert_identifier": "rds-ca-2019",
            "character_set_name": "",
            "copy_tags_to_snapshot": false,
            "custom_iam_instance_profile": "",
            "customer_owned_ip_enabled": false,
            "db_name": "bloodbank",
            "db_subnet_group_name": "prod-bloodbank-subnet-group",
            "delete_automated_backups": true,
            "deletion_protection": false,
            "domain": "",
            "domain_iam_role_name": "",
            "enabled_cloudwatch_logs_exports": [],
            "endpoint": "bloodbank.cfwcsph4aagv.eu-north-1.rds.amazonaws.com:3306",
            "engine": "mysql",
            "engine_version": "8.0.32",
            "engine_version_actual": "8.0.32",
            "final_snapshot_identifier": null,
            "hosted_zone_id": "Z3MPDEQW7KHUGY",
            "iam_database_authentication_enabled": false,
            "id": "db-BWNDFXRU2I53ILKHKORQ4FQE2Y",
            "identifier": "bloodbank",
            "identifier_prefix": "",
            "instance_class": "db.t3.micro",
            "iops": 0,
            "kms_key_id": "",
            "latest_restorable_time": "",
            "license_model": "general-public-license",
            "listener_endpoint": [],
            "maintenance_window": "wed:02:22-wed:02:52",
            "manage_master_user_password": null,
            "master_user_secret": [],
            "master_user_secret_kms_key_id": null,
            "max_allocated_storage": 0,
            "monitoring_interval": 0,
            "monitoring_role_arn": "",
            "multi_az": false,
            "nchar_character_set_name": "",
            "network_type": "IPV4",
            "option_group_name": "default:mysql-8-0",
            "parameter_group_name": "default.mysql8.0",
            "password": "wasdwasd74",
            "performance_insights_enabled": false,
            "performance_insights_kms_key_id": "",
            "performance_insights_retention_period": 0,
            "port": 3306,
            "publicly_accessible": false,
            "replica_mode": "",
            "replicas": [],
            "replicate_source_db": "",
            "resource_id": "db-BWNDFXRU2I53ILKHKORQ4FQE2Y",
            "restore_to_point_in_time": [],
            "s3_import": [],
            "skip_final_snapshot": true,
            "snapshot_identifier": null,
            "status": "available",
            "storage_encrypted": false,
            "storage_throughput": 0,
            "storage_type": "gp2",
            "tags": {},
            "tags_all": {},
            "timeouts": null,
            "timezone": "",
            "username": "bloodbank",
            "vpc_security_group_ids": [
              "sg-01728f5d713b99a8b"
            ]
          },
          "sensitive_attributes": [],
          "private": "eyJlMmJmYjczMC1lY2FhLTExZTYtOGY4OC0zNDM2M2JjN2M0YzAiOnsiY3JlYXRlIjoyNDAwMDAwMDAwMDAwLCJkZWxldGUiOjM2MDAwMDAwMDAwMDAsInVwZGF0ZSI6NDgwMDAwMDAwMDAwMH0sInNjaGVtYV92ZXJzaW9uIjoiMiJ9",
          "dependencies": [
            "module.rds.aws_db_subnet_group.this",
            "module.rds.aws_security_group.db_sg",
            "module.vpc.aws_internet_gateway.this",
            "module.vpc.aws_route_table.this",
            "module.vpc.aws_route_table_association.this",
            "module.vpc.aws_subnet.private_subnets",
            "module.vpc.aws_subnet.public_subnets",
            "module.vpc.aws_vpc.this",
            "module.vpc.data.aws_availability_zones.available"
          ]
        }
      ]
    },
    {
      "module": "module.rds",
      "mode": "managed",
      "type": "aws_db_subnet_group",
      "name": "this",
      "provider": "provider[\"registry.terraform.io/hashicorp/aws\"]",
      "instances": [
        {
          "schema_version": 0,
          "attributes": {
            "arn": "arn:aws:rds:eu-north-1:454340114714:subgrp:prod-bloodbank-subnet-group",
            "description": "Managed by Terraform",
            "id": "prod-bloodbank-subnet-group",
            "name": "prod-bloodbank-subnet-group",
            "name_prefix": "",
            "subnet_ids": [
              "subnet-05cd2ef247b6471b2",
              "subnet-0cf15e5794acd2fdf"
            ],
            "supported_network_types": [
              "IPV4"
            ],
            "tags": {},
            "tags_all": {},
            "vpc_id": "vpc-0f21f0eecab4f3234"
          },
          "sensitive_attributes": [],
          "private": "bnVsbA==",
          "dependencies": [
            "module.vpc.aws_internet_gateway.this",
            "module.vpc.aws_route_table.this",
            "module.vpc.aws_route_table_association.this",
            "module.vpc.aws_subnet.private_subnets",
            "module.vpc.aws_subnet.public_subnets",
            "module.vpc.aws_vpc.this",
            "module.vpc.data.aws_availability_zones.available"
          ]
        }
      ]
    },
    {
      "module": "module.rds",
      "mode": "managed",
      "type": "aws_iam_instance_profile",
      "name": "this",
      "provider": "provider[\"registry.terraform.io/hashicorp/aws\"]",
      "instances": [
        {
          "index_key": 0,
          "schema_version": 0,
          "attributes": {
            "arn": "arn:aws:iam::454340114714:instance-profile/prod-instance-profile-for-lambda",
            "create_date": "2023-06-28T22:05:26Z",
            "id": "prod-instance-profile-for-lambda",
            "name": "prod-instance-profile-for-lambda",
            "name_prefix": "",
            "path": "/",
            "role": "EC2-MYSQL-RESTORE",
            "tags": {},
            "tags_all": {},
            "unique_id": "AIPAWTSGH7ENHTN3KMPPA"
          },
          "sensitive_attributes": [],
          "private": "bnVsbA==",
          "dependencies": [
            "module.rds.aws_iam_role.ec2_role",
            "module.vpc.aws_internet_gateway.this",
            "module.vpc.aws_route_table.this",
            "module.vpc.aws_route_table_association.this",
            "module.vpc.aws_subnet.private_subnets",
            "module.vpc.aws_subnet.public_subnets",
            "module.vpc.aws_vpc.this",
            "module.vpc.data.aws_availability_zones.available"
          ]
        }
      ]
    },
    {
      "module": "module.rds",
      "mode": "managed",
      "type": "aws_iam_policy",
      "name": "lambda_basic",
      "provider": "provider[\"registry.terraform.io/hashicorp/aws\"]",
      "instances": [
        {
          "index_key": 0,
          "schema_version": 0,
          "attributes": {
            "arn": "arn:aws:iam::454340114714:policy/AWSLambdaBasicExecutionRole",
            "description": "",
            "id": "arn:aws:iam::454340114714:policy/AWSLambdaBasicExecutionRole",
            "name": "AWSLambdaBasicExecutionRole",
            "name_prefix": "",
            "path": "/",
            "policy": "{\"Statement\":[{\"Action\":\"logs:CreateLogGroup\",\"Effect\":\"Allow\",\"Resource\":[\"arn:aws:logs:eu-north-1:454340114714:*\"]},{\"Action\":[\"logs:CreateLogStream\",\"logs:PutLogEvents\"],\"Effect\":\"Allow\",\"Resource\":[\"arn:aws:iam::454340114714:role/Lambda-MYSQL-RESTORE\"]}],\"Version\":\"2012-10-17\"}",
            "policy_id": "ANPAWTSGH7ENMY7XQIU5N",
            "tags": {},
            "tags_all": {}
          },
          "sensitive_attributes": [],
          "private": "bnVsbA==",
          "dependencies": [
            "module.rds.aws_iam_role.lambda_role",
            "module.rds.data.aws_caller_identity.current",
            "module.rds.data.aws_region.current",
            "module.vpc.aws_internet_gateway.this",
            "module.vpc.aws_route_table.this",
            "module.vpc.aws_route_table_association.this",
            "module.vpc.aws_subnet.private_subnets",
            "module.vpc.aws_subnet.public_subnets",
            "module.vpc.aws_vpc.this",
            "module.vpc.data.aws_availability_zones.available"
          ]
        }
      ]
    },
    {
      "module": "module.rds",
      "mode": "managed",
      "type": "aws_iam_role",
      "name": "ec2_role",
      "provider": "provider[\"registry.terraform.io/hashicorp/aws\"]",
      "instances": [
        {
          "index_key": 0,
          "schema_version": 0,
          "attributes": {
            "arn": "arn:aws:iam::454340114714:role/EC2-MYSQL-RESTORE",
            "assume_role_policy": "{\"Statement\":[{\"Action\":\"sts:AssumeRole\",\"Effect\":\"Allow\",\"Principal\":{\"Service\":\"ec2.amazonaws.com\"}}],\"Version\":\"2012-10-17\"}",
            "create_date": "2023-06-28T22:05:24Z",
            "description": "",
            "force_detach_policies": false,
            "id": "EC2-MYSQL-RESTORE",
            "inline_policy": [],
            "managed_policy_arns": [
              "arn:aws:iam::aws:policy/AmazonEC2FullAccess",
              "arn:aws:iam::aws:policy/AmazonRDSFullAccess",
              "arn:aws:iam::aws:policy/AmazonS3ReadOnlyAccess"
            ],
            "max_session_duration": 3600,
            "name": "EC2-MYSQL-RESTORE",
            "name_prefix": "",
            "path": "/",
            "permissions_boundary": null,
            "role_last_used": [
              {
                "last_used_date": "2023-06-28T22:09:54Z",
                "region": "eu-north-1"
              }
            ],
            "tags": {},
            "tags_all": {},
            "unique_id": "AROAWTSGH7ENA75RWPJFZ"
          },
          "sensitive_attributes": [],
          "private": "bnVsbA==",
          "dependencies": [
            "module.vpc.aws_internet_gateway.this",
            "module.vpc.aws_route_table.this",
            "module.vpc.aws_route_table_association.this",
            "module.vpc.aws_subnet.private_subnets",
            "module.vpc.aws_subnet.public_subnets",
            "module.vpc.aws_vpc.this",
            "module.vpc.data.aws_availability_zones.available"
          ]
        }
      ]
    },
    {
      "module": "module.rds",
      "mode": "managed",
      "type": "aws_iam_role",
      "name": "lambda_role",
      "provider": "provider[\"registry.terraform.io/hashicorp/aws\"]",
      "instances": [
        {
          "index_key": 0,
          "schema_version": 0,
          "attributes": {
            "arn": "arn:aws:iam::454340114714:role/Lambda-MYSQL-RESTORE",
            "assume_role_policy": "{\"Statement\":[{\"Action\":\"sts:AssumeRole\",\"Effect\":\"Allow\",\"Principal\":{\"Service\":\"lambda.amazonaws.com\"}}],\"Version\":\"2012-10-17\"}",
            "create_date": "2023-06-28T22:05:24Z",
            "description": "",
            "force_detach_policies": false,
            "id": "Lambda-MYSQL-RESTORE",
            "inline_policy": [],
            "managed_policy_arns": [
              "arn:aws:iam::454340114714:policy/AWSLambdaBasicExecutionRole",
              "arn:aws:iam::aws:policy/AmazonEC2FullAccess",
              "arn:aws:iam::aws:policy/AmazonRDSReadOnlyAccess",
              "arn:aws:iam::aws:policy/IAMFullAccess"
            ],
            "max_session_duration": 3600,
            "name": "Lambda-MYSQL-RESTORE",
            "name_prefix": "",
            "path": "/",
            "permissions_boundary": null,
            "role_last_used": [
              {
                "last_used_date": "2023-06-28T22:14:15Z",
                "region": "eu-north-1"
              }
            ],
            "tags": {},
            "tags_all": {},
            "unique_id": "AROAWTSGH7ENBXVVUJM2L"
          },
          "sensitive_attributes": [],
          "private": "bnVsbA==",
          "dependencies": [
            "module.vpc.aws_internet_gateway.this",
            "module.vpc.aws_route_table.this",
            "module.vpc.aws_route_table_association.this",
            "module.vpc.aws_subnet.private_subnets",
            "module.vpc.aws_subnet.public_subnets",
            "module.vpc.aws_vpc.this",
            "module.vpc.data.aws_availability_zones.available"
          ]
        }
      ]
    },
    {
      "module": "module.rds",
      "mode": "managed",
      "type": "aws_iam_role_policy_attachment",
      "name": "ec2_attach_policies",
      "provider": "provider[\"registry.terraform.io/hashicorp/aws\"]",
      "instances": [
        {
          "index_key": 0,
          "schema_version": 0,
          "attributes": {
            "id": "EC2-MYSQL-RESTORE-20230628220524840100000003",
            "policy_arn": "arn:aws:iam::aws:policy/AmazonEC2FullAccess",
            "role": "EC2-MYSQL-RESTORE"
          },
          "sensitive_attributes": [],
          "private": "bnVsbA==",
          "dependencies": [
            "module.rds.aws_iam_role.ec2_role",
            "module.vpc.aws_internet_gateway.this",
            "module.vpc.aws_route_table.this",
            "module.vpc.aws_route_table_association.this",
            "module.vpc.aws_subnet.private_subnets",
            "module.vpc.aws_subnet.public_subnets",
            "module.vpc.aws_vpc.this",
            "module.vpc.data.aws_availability_zones.available"
          ]
        },
        {
          "index_key": 1,
          "schema_version": 0,
          "attributes": {
            "id": "EC2-MYSQL-RESTORE-20230628220524811300000002",
            "policy_arn": "arn:aws:iam::aws:policy/AmazonRDSFullAccess",
            "role": "EC2-MYSQL-RESTORE"
          },
          "sensitive_attributes": [],
          "private": "bnVsbA==",
          "dependencies": [
            "module.rds.aws_iam_role.ec2_role",
            "module.vpc.aws_internet_gateway.this",
            "module.vpc.aws_route_table.this",
            "module.vpc.aws_route_table_association.this",
            "module.vpc.aws_subnet.private_subnets",
            "module.vpc.aws_subnet.public_subnets",
            "module.vpc.aws_vpc.this",
            "module.vpc.data.aws_availability_zones.available"
          ]
        },
        {
          "index_key": 2,
          "schema_version": 0,
          "attributes": {
            "id": "EC2-MYSQL-RESTORE-20230628220524648900000001",
            "policy_arn": "arn:aws:iam::aws:policy/AmazonS3ReadOnlyAccess",
            "role": "EC2-MYSQL-RESTORE"
          },
          "sensitive_attributes": [],
          "private": "bnVsbA==",
          "dependencies": [
            "module.rds.aws_iam_role.ec2_role",
            "module.vpc.aws_internet_gateway.this",
            "module.vpc.aws_route_table.this",
            "module.vpc.aws_route_table_association.this",
            "module.vpc.aws_subnet.private_subnets",
            "module.vpc.aws_subnet.public_subnets",
            "module.vpc.aws_vpc.this",
            "module.vpc.data.aws_availability_zones.available"
          ]
        }
      ]
    },
    {
      "module": "module.rds",
      "mode": "managed",
      "type": "aws_iam_role_policy_attachment",
      "name": "lambda_attach_policies",
      "provider": "provider[\"registry.terraform.io/hashicorp/aws\"]",
      "instances": [
        {
          "index_key": 0,
          "schema_version": 0,
          "attributes": {
            "id": "Lambda-MYSQL-RESTORE-20230628220525466300000007",
            "policy_arn": "arn:aws:iam::454340114714:policy/AWSLambdaBasicExecutionRole",
            "role": "Lambda-MYSQL-RESTORE"
          },
          "sensitive_attributes": [],
          "private": "bnVsbA==",
          "dependencies": [
            "module.rds.aws_iam_policy.lambda_basic",
            "module.rds.aws_iam_role.lambda_role",
            "module.rds.data.aws_caller_identity.current",
            "module.rds.data.aws_region.current",
            "module.vpc.aws_internet_gateway.this",
            "module.vpc.aws_route_table.this",
            "module.vpc.aws_route_table_association.this",
            "module.vpc.aws_subnet.private_subnets",
            "module.vpc.aws_subnet.public_subnets",
            "module.vpc.aws_vpc.this",
            "module.vpc.data.aws_availability_zones.available"
          ]
        },
        {
          "index_key": 1,
          "schema_version": 0,
          "attributes": {
            "id": "Lambda-MYSQL-RESTORE-20230628220525441700000005",
            "policy_arn": "arn:aws:iam::aws:policy/AmazonEC2FullAccess",
            "role": "Lambda-MYSQL-RESTORE"
          },
          "sensitive_attributes": [],
          "private": "bnVsbA==",
          "dependencies": [
            "module.rds.aws_iam_policy.lambda_basic",
            "module.rds.aws_iam_role.lambda_role",
            "module.rds.data.aws_caller_identity.current",
            "module.rds.data.aws_region.current",
            "module.vpc.aws_internet_gateway.this",
            "module.vpc.aws_route_table.this",
            "module.vpc.aws_route_table_association.this",
            "module.vpc.aws_subnet.private_subnets",
            "module.vpc.aws_subnet.public_subnets",
            "module.vpc.aws_vpc.this",
            "module.vpc.data.aws_availability_zones.available"
          ]
        },
        {
          "index_key": 2,
          "schema_version": 0,
          "attributes": {
            "id": "Lambda-MYSQL-RESTORE-20230628220525445200000006",
            "policy_arn": "arn:aws:iam::aws:policy/IAMFullAccess",
            "role": "Lambda-MYSQL-RESTORE"
          },
          "sensitive_attributes": [],
          "private": "bnVsbA==",
          "dependencies": [
            "module.rds.aws_iam_policy.lambda_basic",
            "module.rds.aws_iam_role.lambda_role",
            "module.rds.data.aws_caller_identity.current",
            "module.rds.data.aws_region.current",
            "module.vpc.aws_internet_gateway.this",
            "module.vpc.aws_route_table.this",
            "module.vpc.aws_route_table_association.this",
            "module.vpc.aws_subnet.private_subnets",
            "module.vpc.aws_subnet.public_subnets",
            "module.vpc.aws_vpc.this",
            "module.vpc.data.aws_availability_zones.available"
          ]
        },
        {
          "index_key": 3,
          "schema_version": 0,
          "attributes": {
            "id": "Lambda-MYSQL-RESTORE-20230628220525432900000004",
            "policy_arn": "arn:aws:iam::aws:policy/AmazonRDSReadOnlyAccess",
            "role": "Lambda-MYSQL-RESTORE"
          },
          "sensitive_attributes": [],
          "private": "bnVsbA==",
          "dependencies": [
            "module.rds.aws_iam_policy.lambda_basic",
            "module.rds.aws_iam_role.lambda_role",
            "module.rds.data.aws_caller_identity.current",
            "module.rds.data.aws_region.current",
            "module.vpc.aws_internet_gateway.this",
            "module.vpc.aws_route_table.this",
            "module.vpc.aws_route_table_association.this",
            "module.vpc.aws_subnet.private_subnets",
            "module.vpc.aws_subnet.public_subnets",
            "module.vpc.aws_vpc.this",
            "module.vpc.data.aws_availability_zones.available"
          ]
        }
      ]
    },
    {
      "module": "module.rds",
      "mode": "managed",
      "type": "aws_lambda_function",
      "name": "this",
      "provider": "provider[\"registry.terraform.io/hashicorp/aws\"]",
      "instances": [
        {
          "index_key": 0,
          "schema_version": 0,
          "attributes": {
            "architectures": [
              "x86_64"
            ],
            "arn": "arn:aws:lambda:eu-north-1:454340114714:function:prod-lambda-for-restore-db",
            "code_signing_config_arn": "",
            "dead_letter_config": [],
            "description": "",
            "environment": [
              {
                "variables": {
                  "DB_NAME": "bloodbank",
                  "DB_PASS": "wasdwasd74",
                  "DB_PORT": "3306",
                  "DB_USERNAME": "bloodbank",
                  "InstanceProfile": "arn:aws:iam::454340114714:instance-profile/prod-instance-profile-for-lambda",
                  "REGION": "eu-north-1",
                  "SUBNET_ID": "subnet-0af41d9e3f06a1851"
                }
              }
            ],
            "ephemeral_storage": [
              {
                "size": 512
              }
            ],
            "file_system_config": [],
            "filename": "lambda_function.zip",
            "function_name": "prod-lambda-for-restore-db",
            "handler": "lambda_function.lambda_handler",
            "id": "prod-lambda-for-restore-db",
            "image_config": [],
            "image_uri": "",
            "invoke_arn": "arn:aws:apigateway:eu-north-1:lambda:path/2015-03-31/functions/arn:aws:lambda:eu-north-1:454340114714:function:prod-lambda-for-restore-db/invocations",
            "kms_key_arn": "",
            "last_modified": "2023-06-28T22:05:41.673+0000",
            "layers": [],
            "memory_size": 128,
            "package_type": "Zip",
            "publish": false,
            "qualified_arn": "arn:aws:lambda:eu-north-1:454340114714:function:prod-lambda-for-restore-db:$LATEST",
            "qualified_invoke_arn": "arn:aws:apigateway:eu-north-1:lambda:path/2015-03-31/functions/arn:aws:lambda:eu-north-1:454340114714:function:prod-lambda-for-restore-db:$LATEST/invocations",
            "replace_security_groups_on_destroy": null,
            "replacement_security_group_ids": null,
            "reserved_concurrent_executions": -1,
            "role": "arn:aws:iam::454340114714:role/Lambda-MYSQL-RESTORE",
            "runtime": "python3.9",
            "s3_bucket": null,
            "s3_key": null,
            "s3_object_version": null,
            "signing_job_arn": "",
            "signing_profile_version_arn": "",
            "skip_destroy": false,
            "snap_start": [],
            "source_code_hash": "Q27UNc3l+L+EEyFNuQb/aHycoi0jJVY9XN88UZQA0iE=",
            "source_code_size": 876,
            "tags": {},
            "tags_all": {},
            "timeout": 3,
            "timeouts": null,
            "tracing_config": [
              {
                "mode": "PassThrough"
              }
            ],
            "version": "$LATEST",
            "vpc_config": []
          },
          "sensitive_attributes": [],
          "private": "eyJlMmJmYjczMC1lY2FhLTExZTYtOGY4OC0zNDM2M2JjN2M0YzAiOnsiY3JlYXRlIjo2MDAwMDAwMDAwMDAsImRlbGV0ZSI6NjAwMDAwMDAwMDAwLCJ1cGRhdGUiOjYwMDAwMDAwMDAwMH19",
          "dependencies": [
            "module.rds.aws_iam_instance_profile.this",
            "module.rds.aws_iam_role.ec2_role",
            "module.rds.aws_iam_role.lambda_role",
            "module.rds.data.archive_file.python_lambda_package",
            "module.rds.data.aws_region.current",
            "module.vpc.aws_internet_gateway.this",
            "module.vpc.aws_route_table.this",
            "module.vpc.aws_route_table_association.this",
            "module.vpc.aws_subnet.private_subnets",
            "module.vpc.aws_subnet.public_subnets",
            "module.vpc.aws_vpc.this",
            "module.vpc.data.aws_availability_zones.available"
          ]
        }
      ]
    },
    {
      "module": "module.rds",
      "mode": "managed",
      "type": "aws_lambda_permission",
      "name": "allow_cloudwatch",
      "provider": "provider[\"registry.terraform.io/hashicorp/aws\"]",
      "instances": [
        {
          "index_key": 0,
          "schema_version": 0,
          "attributes": {
            "action": "lambda:InvokeFunction",
            "event_source_token": null,
            "function_name": "prod-lambda-for-restore-db",
            "function_url_auth_type": null,
            "id": "AllowExecutionFromCloudWatch",
            "principal": "events.amazonaws.com",
            "principal_org_id": null,
            "qualifier": "",
            "source_account": null,
            "source_arn": "arn:aws:events:eu-north-1:454340114714:rule/prod-creation-db-rule",
            "statement_id": "AllowExecutionFromCloudWatch",
            "statement_id_prefix": ""
          },
          "sensitive_attributes": [],
          "private": "bnVsbA==",
          "dependencies": [
            "module.rds.aws_cloudwatch_event_rule.this",
            "module.rds.aws_iam_instance_profile.this",
            "module.rds.aws_iam_role.ec2_role",
            "module.rds.aws_iam_role.lambda_role",
            "module.rds.aws_lambda_function.this",
            "module.rds.data.archive_file.python_lambda_package",
            "module.rds.data.aws_region.current",
            "module.vpc.aws_internet_gateway.this",
            "module.vpc.aws_route_table.this",
            "module.vpc.aws_route_table_association.this",
            "module.vpc.aws_subnet.private_subnets",
            "module.vpc.aws_subnet.public_subnets",
            "module.vpc.aws_vpc.this",
            "module.vpc.data.aws_availability_zones.available"
          ]
        }
      ]
    },
    {
      "module": "module.rds",
      "mode": "managed",
      "type": "aws_s3_bucket",
      "name": "this",
      "provider": "provider[\"registry.terraform.io/hashicorp/aws\"]",
      "instances": [
        {
          "schema_version": 0,
          "attributes": {
            "acceleration_status": null,
            "acl": null,
            "arn": "arn:aws:s3:::prod-bloodbank-8a9e6809e8218109",
            "bucket": "prod-bloodbank-8a9e6809e8218109",
            "bucket_domain_name": "prod-bloodbank-8a9e6809e8218109.s3.amazonaws.com",
            "bucket_prefix": "",
            "bucket_regional_domain_name": "prod-bloodbank-8a9e6809e8218109.s3.eu-north-1.amazonaws.com",
            "cors_rule": [],
            "force_destroy": false,
            "grant": [
              {
                "id": "828244154c07fa2f25d4ac788f772f9b8c5401b1ad78a030643182054f0e0428",
                "permissions": [
                  "FULL_CONTROL"
                ],
                "type": "CanonicalUser",
                "uri": ""
              }
            ],
            "hosted_zone_id": "Z3BAZG2TWCNX0D",
            "id": "prod-bloodbank-8a9e6809e8218109",
            "lifecycle_rule": [],
            "logging": [],
            "object_lock_configuration": [],
            "object_lock_enabled": false,
            "policy": "",
            "region": "eu-north-1",
            "replication_configuration": [],
            "request_payer": "BucketOwner",
            "server_side_encryption_configuration": [
              {
                "rule": [
                  {
                    "apply_server_side_encryption_by_default": [
                      {
                        "kms_master_key_id": "",
                        "sse_algorithm": "AES256"
                      }
                    ],
                    "bucket_key_enabled": false
                  }
                ]
              }
            ],
            "tags": {
              "Environment": "prod",
              "Name": "bloodbank-bucket"
            },
            "tags_all": {
              "Environment": "prod",
              "Name": "bloodbank-bucket"
            },
            "timeouts": null,
            "versioning": [
              {
                "enabled": false,
                "mfa_delete": false
              }
            ],
            "website": [],
            "website_domain": null,
            "website_endpoint": null
          },
          "sensitive_attributes": [],
          "private": "eyJlMmJmYjczMC1lY2FhLTExZTYtOGY4OC0zNDM2M2JjN2M0YzAiOnsiY3JlYXRlIjoxMjAwMDAwMDAwMDAwLCJkZWxldGUiOjM2MDAwMDAwMDAwMDAsInJlYWQiOjEyMDAwMDAwMDAwMDAsInVwZGF0ZSI6MTIwMDAwMDAwMDAwMH19",
          "dependencies": [
            "module.rds.aws_db_instance.this",
            "module.rds.aws_db_subnet_group.this",
            "module.rds.aws_security_group.db_sg",
            "module.rds.random_id.this",
            "module.vpc.aws_internet_gateway.this",
            "module.vpc.aws_route_table.this",
            "module.vpc.aws_route_table_association.this",
            "module.vpc.aws_subnet.private_subnets",
            "module.vpc.aws_subnet.public_subnets",
            "module.vpc.aws_vpc.this",
            "module.vpc.data.aws_availability_zones.available"
          ]
        }
      ]
    },
    {
      "module": "module.rds",
      "mode": "managed",
      "type": "aws_s3_object",
      "name": "object",
      "provider": "provider[\"registry.terraform.io/hashicorp/aws\"]",
      "instances": [
        {
          "schema_version": 0,
          "attributes": {
            "acl": "private",
            "bucket": "prod-bloodbank-8a9e6809e8218109",
            "bucket_key_enabled": false,
            "cache_control": "",
            "content": null,
            "content_base64": null,
            "content_disposition": "",
            "content_encoding": "",
            "content_language": "",
            "content_type": "binary/octet-stream",
            "etag": "8fc98f814e34078c066f68d37666a886",
            "force_destroy": false,
            "id": ".env",
            "key": ".env",
            "kms_key_id": null,
            "metadata": {},
            "object_lock_legal_hold_status": "",
            "object_lock_mode": "",
            "object_lock_retain_until_date": "",
            "server_side_encryption": "AES256",
            "source": "../modules/rds/.env",
            "source_hash": null,
            "storage_class": "STANDARD",
            "tags": {},
            "tags_all": {},
            "version_id": "",
            "website_redirect": ""
          },
          "sensitive_attributes": [],
          "private": "bnVsbA==",
          "dependencies": [
            "module.rds.aws_db_instance.this",
            "module.rds.aws_db_subnet_group.this",
            "module.rds.aws_s3_bucket.this",
            "module.rds.aws_security_group.db_sg",
            "module.rds.local_file.name",
            "module.rds.random_id.this",
            "module.vpc.aws_internet_gateway.this",
            "module.vpc.aws_route_table.this",
            "module.vpc.aws_route_table_association.this",
            "module.vpc.aws_subnet.private_subnets",
            "module.vpc.aws_subnet.public_subnets",
            "module.vpc.aws_vpc.this",
            "module.vpc.data.aws_availability_zones.available"
          ]
        }
      ]
    },
    {
      "module": "module.rds",
      "mode": "managed",
      "type": "aws_security_group",
      "name": "db_sg",
      "provider": "provider[\"registry.terraform.io/hashicorp/aws\"]",
      "instances": [
        {
          "schema_version": 1,
          "attributes": {
            "arn": "arn:aws:ec2:eu-north-1:454340114714:security-group/sg-01728f5d713b99a8b",
            "description": "Allow inbound trafic for db",
            "egress": [
              {
                "cidr_blocks": [
                  "0.0.0.0/0"
                ],
                "description": "",
                "from_port": 0,
                "ipv6_cidr_blocks": [
                  "::/0"
                ],
                "prefix_list_ids": [],
                "protocol": "-1",
                "security_groups": [],
                "self": false,
                "to_port": 0
              }
            ],
            "id": "sg-01728f5d713b99a8b",
            "ingress": [
              {
                "cidr_blocks": [
                  "10.0.0.0/16"
                ],
                "description": "",
                "from_port": 3306,
                "ipv6_cidr_blocks": [],
                "prefix_list_ids": [],
                "protocol": "tcp",
                "security_groups": [],
                "self": false,
                "to_port": 3306
              }
            ],
            "name": "allow_db_connection",
            "name_prefix": "",
            "owner_id": "454340114714",
            "revoke_rules_on_delete": false,
            "tags": {
              "Name": "allow_mysql"
            },
            "tags_all": {
              "Name": "allow_mysql"
            },
            "timeouts": null,
            "vpc_id": "vpc-0f21f0eecab4f3234"
          },
          "sensitive_attributes": [],
          "private": "eyJlMmJmYjczMC1lY2FhLTExZTYtOGY4OC0zNDM2M2JjN2M0YzAiOnsiY3JlYXRlIjo2MDAwMDAwMDAwMDAsImRlbGV0ZSI6OTAwMDAwMDAwMDAwfSwic2NoZW1hX3ZlcnNpb24iOiIxIn0=",
          "dependencies": [
            "module.vpc.aws_internet_gateway.this",
            "module.vpc.aws_route_table.this",
            "module.vpc.aws_route_table_association.this",
            "module.vpc.aws_subnet.private_subnets",
            "module.vpc.aws_subnet.public_subnets",
            "module.vpc.aws_vpc.this",
            "module.vpc.data.aws_availability_zones.available"
          ]
        }
      ]
    },
    {
      "module": "module.rds",
      "mode": "managed",
      "type": "local_file",
      "name": "name",
      "provider": "provider[\"registry.terraform.io/hashicorp/local\"]",
      "instances": [
        {
          "schema_version": 0,
          "attributes": {
            "content": "DB_HOST=bloodbank.cfwcsph4aagv.eu-north-1.rds.amazonaws.com\nDB_USER=bloodbank\nDB_PASS=wasdwasd74\nDB_NAMES=bloodbank",
            "content_base64": null,
            "content_base64sha256": "/qp9D5/OhYu767f5nRIV562rJbuy245JD0siUldDMCQ=",
            "content_base64sha512": "AETXbTdZAt+9a/3+x2ElGihEu3HV5WoZZc2z0FF+Rg30LDPH85n1EwCz63D08XDjtZqvM3MSGHGO+lwQXYxyKw==",
            "content_md5": "8fc98f814e34078c066f68d37666a886",
            "content_sha1": "111b19d89aef3c61eee1ad17c7bccef75e3b02c1",
            "content_sha256": "feaa7d0f9fce858bbbebb7f99d1215e7adab25bbb2db8e490f4b225257433024",
            "content_sha512": "0044d76d375902dfbd6bfdfec761251a2844bb71d5e56a1965cdb3d0517e460df42c33c7f399f51300b3eb70f4f170e3b59aaf33731218718efa5c105d8c722b",
            "directory_permission": "0777",
            "file_permission": "0777",
            "filename": "../modules/rds/.env",
            "id": "111b19d89aef3c61eee1ad17c7bccef75e3b02c1",
            "sensitive_content": null,
            "source": null
          },
          "sensitive_attributes": [],
          "dependencies": [
            "module.rds.aws_db_instance.this",
            "module.rds.aws_db_subnet_group.this",
            "module.rds.aws_security_group.db_sg",
            "module.vpc.aws_internet_gateway.this",
            "module.vpc.aws_route_table.this",
            "module.vpc.aws_route_table_association.this",
            "module.vpc.aws_subnet.private_subnets",
            "module.vpc.aws_subnet.public_subnets",
            "module.vpc.aws_vpc.this",
            "module.vpc.data.aws_availability_zones.available"
          ]
        }
      ]
    },
    {
      "module": "module.rds",
      "mode": "managed",
      "type": "random_id",
      "name": "this",
      "provider": "provider[\"registry.terraform.io/hashicorp/random\"]",
      "instances": [
        {
          "schema_version": 0,
          "attributes": {
            "b64_std": "ip5oCeghgQk=",
            "b64_url": "ip5oCeghgQk",
            "byte_length": 8,
            "dec": "9988535415312843017",
            "hex": "8a9e6809e8218109",
            "id": "ip5oCeghgQk",
            "keepers": {
              "db_id": "bloodbank.cfwcsph4aagv.eu-north-1.rds.amazonaws.com"
            },
            "prefix": null
          },
          "sensitive_attributes": [],
          "dependencies": [
            "module.rds.aws_db_instance.this",
            "module.rds.aws_db_subnet_group.this",
            "module.rds.aws_security_group.db_sg",
            "module.vpc.aws_internet_gateway.this",
            "module.vpc.aws_route_table.this",
            "module.vpc.aws_route_table_association.this",
            "module.vpc.aws_subnet.private_subnets",
            "module.vpc.aws_subnet.public_subnets",
            "module.vpc.aws_vpc.this",
            "module.vpc.data.aws_availability_zones.available"
          ]
        }
      ]
    },
    {
      "module": "module.vpc",
      "mode": "data",
      "type": "aws_availability_zones",
      "name": "available",
      "provider": "provider[\"registry.terraform.io/hashicorp/aws\"]",
      "instances": [
        {
          "schema_version": 0,
          "attributes": {
            "all_availability_zones": null,
            "exclude_names": null,
            "exclude_zone_ids": null,
            "filter": null,
            "group_names": [
              "eu-north-1"
            ],
            "id": "eu-north-1",
            "names": [
              "eu-north-1a",
              "eu-north-1b",
              "eu-north-1c"
            ],
            "state": "available",
            "timeouts": null,
            "zone_ids": [
              "eun1-az1",
              "eun1-az2",
              "eun1-az3"
            ]
          },
          "sensitive_attributes": []
        }
      ]
    },
    {
      "module": "module.vpc",
      "mode": "managed",
      "type": "aws_internet_gateway",
      "name": "this",
      "provider": "provider[\"registry.terraform.io/hashicorp/aws\"]",
      "instances": [
        {
          "schema_version": 0,
          "attributes": {
            "arn": "arn:aws:ec2:eu-north-1:454340114714:internet-gateway/igw-011d4ffd3879c9d48",
            "id": "igw-011d4ffd3879c9d48",
            "owner_id": "454340114714",
            "tags": {
              "Name": "IGW-prod-bloodbank"
            },
            "tags_all": {
              "Name": "IGW-prod-bloodbank"
            },
            "timeouts": null,
            "vpc_id": "vpc-0f21f0eecab4f3234"
          },
          "sensitive_attributes": [],
          "private": "eyJlMmJmYjczMC1lY2FhLTExZTYtOGY4OC0zNDM2M2JjN2M0YzAiOnsiY3JlYXRlIjoxMjAwMDAwMDAwMDAwLCJkZWxldGUiOjEyMDAwMDAwMDAwMDAsInVwZGF0ZSI6MTIwMDAwMDAwMDAwMH19",
          "dependencies": [
            "module.vpc.aws_vpc.this"
          ]
        }
      ]
    },
    {
      "module": "module.vpc",
      "mode": "managed",
      "type": "aws_route_table",
      "name": "this",
      "provider": "provider[\"registry.terraform.io/hashicorp/aws\"]",
      "instances": [
        {
          "schema_version": 0,
          "attributes": {
            "arn": "arn:aws:ec2:eu-north-1:454340114714:route-table/rtb-07c07573e35151279",
            "id": "rtb-07c07573e35151279",
            "owner_id": "454340114714",
            "propagating_vgws": [],
            "route": [
              {
                "carrier_gateway_id": "",
                "cidr_block": "0.0.0.0/0",
                "core_network_arn": "",
                "destination_prefix_list_id": "",
                "egress_only_gateway_id": "",
                "gateway_id": "igw-011d4ffd3879c9d48",
                "ipv6_cidr_block": "",
                "local_gateway_id": "",
                "nat_gateway_id": "",
                "network_interface_id": "",
                "transit_gateway_id": "",
                "vpc_endpoint_id": "",
                "vpc_peering_connection_id": ""
              }
            ],
            "tags": {
              "Name": "RT-prod-bloodbank"
            },
            "tags_all": {
              "Name": "RT-prod-bloodbank"
            },
            "timeouts": null,
            "vpc_id": "vpc-0f21f0eecab4f3234"
          },
          "sensitive_attributes": [],
          "private": "eyJlMmJmYjczMC1lY2FhLTExZTYtOGY4OC0zNDM2M2JjN2M0YzAiOnsiY3JlYXRlIjozMDAwMDAwMDAwMDAsImRlbGV0ZSI6MzAwMDAwMDAwMDAwLCJ1cGRhdGUiOjEyMDAwMDAwMDAwMH19",
          "dependencies": [
            "module.vpc.aws_internet_gateway.this",
            "module.vpc.aws_vpc.this"
          ]
        }
      ]
    },
    {
      "module": "module.vpc",
      "mode": "managed",
      "type": "aws_route_table_association",
      "name": "this",
      "provider": "provider[\"registry.terraform.io/hashicorp/aws\"]",
      "instances": [
        {
          "index_key": 0,
          "schema_version": 0,
          "attributes": {
            "gateway_id": "",
            "id": "rtbassoc-016a4b9335f5202e9",
            "route_table_id": "rtb-07c07573e35151279",
            "subnet_id": "subnet-0af41d9e3f06a1851",
            "timeouts": null
          },
          "sensitive_attributes": [],
          "private": "eyJlMmJmYjczMC1lY2FhLTExZTYtOGY4OC0zNDM2M2JjN2M0YzAiOnsiY3JlYXRlIjozMDAwMDAwMDAwMDAsImRlbGV0ZSI6MzAwMDAwMDAwMDAwLCJ1cGRhdGUiOjEyMDAwMDAwMDAwMH19",
          "dependencies": [
            "module.vpc.aws_internet_gateway.this",
            "module.vpc.aws_route_table.this",
            "module.vpc.aws_subnet.public_subnets",
            "module.vpc.aws_vpc.this",
            "module.vpc.data.aws_availability_zones.available"
          ]
        },
        {
          "index_key": 1,
          "schema_version": 0,
          "attributes": {
            "gateway_id": "",
            "id": "rtbassoc-017ea78af0ead0ccf",
            "route_table_id": "rtb-07c07573e35151279",
            "subnet_id": "subnet-0eb8232855a02a023",
            "timeouts": null
          },
          "sensitive_attributes": [],
          "private": "eyJlMmJmYjczMC1lY2FhLTExZTYtOGY4OC0zNDM2M2JjN2M0YzAiOnsiY3JlYXRlIjozMDAwMDAwMDAwMDAsImRlbGV0ZSI6MzAwMDAwMDAwMDAwLCJ1cGRhdGUiOjEyMDAwMDAwMDAwMH19",
          "dependencies": [
            "module.vpc.aws_internet_gateway.this",
            "module.vpc.aws_route_table.this",
            "module.vpc.aws_subnet.public_subnets",
            "module.vpc.aws_vpc.this",
            "module.vpc.data.aws_availability_zones.available"
          ]
        }
      ]
    },
    {
      "module": "module.vpc",
      "mode": "managed",
      "type": "aws_subnet",
      "name": "private_subnets",
      "provider": "provider[\"registry.terraform.io/hashicorp/aws\"]",
      "instances": [
        {
          "index_key": 0,
          "schema_version": 1,
          "attributes": {
            "arn": "arn:aws:ec2:eu-north-1:454340114714:subnet/subnet-0cf15e5794acd2fdf",
            "assign_ipv6_address_on_creation": false,
            "availability_zone": "eu-north-1a",
            "availability_zone_id": "eun1-az1",
            "cidr_block": "10.0.12.0/24",
            "customer_owned_ipv4_pool": "",
            "enable_dns64": false,
            "enable_lni_at_device_index": 0,
            "enable_resource_name_dns_a_record_on_launch": false,
            "enable_resource_name_dns_aaaa_record_on_launch": false,
            "id": "subnet-0cf15e5794acd2fdf",
            "ipv6_cidr_block": "",
            "ipv6_cidr_block_association_id": "",
            "ipv6_native": false,
            "map_customer_owned_ip_on_launch": false,
            "map_public_ip_on_launch": false,
            "outpost_arn": "",
            "owner_id": "454340114714",
            "private_dns_hostname_type_on_launch": "ip-name",
            "tags": {
              "Name": "subnet-eu-north-1-eun1-az1-private-prod-bloodbank-stack"
            },
            "tags_all": {
              "Name": "subnet-eu-north-1-eun1-az1-private-prod-bloodbank-stack"
            },
            "timeouts": null,
            "vpc_id": "vpc-0f21f0eecab4f3234"
          },
          "sensitive_attributes": [],
          "private": "eyJlMmJmYjczMC1lY2FhLTExZTYtOGY4OC0zNDM2M2JjN2M0YzAiOnsiY3JlYXRlIjo2MDAwMDAwMDAwMDAsImRlbGV0ZSI6MTIwMDAwMDAwMDAwMH0sInNjaGVtYV92ZXJzaW9uIjoiMSJ9",
          "dependencies": [
            "module.vpc.aws_vpc.this",
            "module.vpc.data.aws_availability_zones.available"
          ]
        },
        {
          "index_key": 1,
          "schema_version": 1,
          "attributes": {
            "arn": "arn:aws:ec2:eu-north-1:454340114714:subnet/subnet-05cd2ef247b6471b2",
            "assign_ipv6_address_on_creation": false,
            "availability_zone": "eu-north-1b",
            "availability_zone_id": "eun1-az2",
            "cidr_block": "10.0.22.0/24",
            "customer_owned_ipv4_pool": "",
            "enable_dns64": false,
            "enable_lni_at_device_index": 0,
            "enable_resource_name_dns_a_record_on_launch": false,
            "enable_resource_name_dns_aaaa_record_on_launch": false,
            "id": "subnet-05cd2ef247b6471b2",
            "ipv6_cidr_block": "",
            "ipv6_cidr_block_association_id": "",
            "ipv6_native": false,
            "map_customer_owned_ip_on_launch": false,
            "map_public_ip_on_launch": false,
            "outpost_arn": "",
            "owner_id": "454340114714",
            "private_dns_hostname_type_on_launch": "ip-name",
            "tags": {
              "Name": "subnet-eu-north-1-eun1-az2-private-prod-bloodbank-stack"
            },
            "tags_all": {
              "Name": "subnet-eu-north-1-eun1-az2-private-prod-bloodbank-stack"
            },
            "timeouts": null,
            "vpc_id": "vpc-0f21f0eecab4f3234"
          },
          "sensitive_attributes": [],
          "private": "eyJlMmJmYjczMC1lY2FhLTExZTYtOGY4OC0zNDM2M2JjN2M0YzAiOnsiY3JlYXRlIjo2MDAwMDAwMDAwMDAsImRlbGV0ZSI6MTIwMDAwMDAwMDAwMH0sInNjaGVtYV92ZXJzaW9uIjoiMSJ9",
          "dependencies": [
            "module.vpc.aws_vpc.this",
            "module.vpc.data.aws_availability_zones.available"
          ]
        }
      ]
    },
    {
      "module": "module.vpc",
      "mode": "managed",
      "type": "aws_subnet",
      "name": "public_subnets",
      "provider": "provider[\"registry.terraform.io/hashicorp/aws\"]",
      "instances": [
        {
          "index_key": 0,
          "schema_version": 1,
          "attributes": {
            "arn": "arn:aws:ec2:eu-north-1:454340114714:subnet/subnet-0af41d9e3f06a1851",
            "assign_ipv6_address_on_creation": false,
            "availability_zone": "eu-north-1a",
            "availability_zone_id": "eun1-az1",
            "cidr_block": "10.0.11.0/24",
            "customer_owned_ipv4_pool": "",
            "enable_dns64": false,
            "enable_lni_at_device_index": 0,
            "enable_resource_name_dns_a_record_on_launch": false,
            "enable_resource_name_dns_aaaa_record_on_launch": false,
            "id": "subnet-0af41d9e3f06a1851",
            "ipv6_cidr_block": "",
            "ipv6_cidr_block_association_id": "",
            "ipv6_native": false,
            "map_customer_owned_ip_on_launch": false,
            "map_public_ip_on_launch": true,
            "outpost_arn": "",
            "owner_id": "454340114714",
            "private_dns_hostname_type_on_launch": "ip-name",
            "tags": {
              "Name": "subnet-eu-north-1-eun1-az1-public-prod-bloodbank-stack"
            },
            "tags_all": {
              "Name": "subnet-eu-north-1-eun1-az1-public-prod-bloodbank-stack"
            },
            "timeouts": null,
            "vpc_id": "vpc-0f21f0eecab4f3234"
          },
          "sensitive_attributes": [],
          "private": "eyJlMmJmYjczMC1lY2FhLTExZTYtOGY4OC0zNDM2M2JjN2M0YzAiOnsiY3JlYXRlIjo2MDAwMDAwMDAwMDAsImRlbGV0ZSI6MTIwMDAwMDAwMDAwMH0sInNjaGVtYV92ZXJzaW9uIjoiMSJ9",
          "dependencies": [
            "module.vpc.aws_vpc.this",
            "module.vpc.data.aws_availability_zones.available"
          ]
        },
        {
          "index_key": 1,
          "schema_version": 1,
          "attributes": {
            "arn": "arn:aws:ec2:eu-north-1:454340114714:subnet/subnet-0eb8232855a02a023",
            "assign_ipv6_address_on_creation": false,
            "availability_zone": "eu-north-1b",
            "availability_zone_id": "eun1-az2",
            "cidr_block": "10.0.21.0/24",
            "customer_owned_ipv4_pool": "",
            "enable_dns64": false,
            "enable_lni_at_device_index": 0,
            "enable_resource_name_dns_a_record_on_launch": false,
            "enable_resource_name_dns_aaaa_record_on_launch": false,
            "id": "subnet-0eb8232855a02a023",
            "ipv6_cidr_block": "",
            "ipv6_cidr_block_association_id": "",
            "ipv6_native": false,
            "map_customer_owned_ip_on_launch": false,
            "map_public_ip_on_launch": true,
            "outpost_arn": "",
            "owner_id": "454340114714",
            "private_dns_hostname_type_on_launch": "ip-name",
            "tags": {
              "Name": "subnet-eu-north-1-eun1-az2-public-prod-bloodbank-stack"
            },
            "tags_all": {
              "Name": "subnet-eu-north-1-eun1-az2-public-prod-bloodbank-stack"
            },
            "timeouts": null,
            "vpc_id": "vpc-0f21f0eecab4f3234"
          },
          "sensitive_attributes": [],
          "private": "eyJlMmJmYjczMC1lY2FhLTExZTYtOGY4OC0zNDM2M2JjN2M0YzAiOnsiY3JlYXRlIjo2MDAwMDAwMDAwMDAsImRlbGV0ZSI6MTIwMDAwMDAwMDAwMH0sInNjaGVtYV92ZXJzaW9uIjoiMSJ9",
          "dependencies": [
            "module.vpc.aws_vpc.this",
            "module.vpc.data.aws_availability_zones.available"
          ]
        }
      ]
    },
    {
      "module": "module.vpc",
      "mode": "managed",
      "type": "aws_vpc",
      "name": "this",
      "provider": "provider[\"registry.terraform.io/hashicorp/aws\"]",
      "instances": [
        {
          "schema_version": 1,
          "attributes": {
            "arn": "arn:aws:ec2:eu-north-1:454340114714:vpc/vpc-0f21f0eecab4f3234",
            "assign_generated_ipv6_cidr_block": false,
            "cidr_block": "10.0.0.0/16",
            "default_network_acl_id": "acl-0f1955e539dabc7ca",
            "default_route_table_id": "rtb-047064654af3931cc",
            "default_security_group_id": "sg-0a9fbd7cd268f636b",
            "dhcp_options_id": "dopt-0d1fb4663100273f3",
            "enable_dns_hostnames": false,
            "enable_dns_support": true,
            "enable_network_address_usage_metrics": false,
            "id": "vpc-0f21f0eecab4f3234",
            "instance_tenancy": "default",
            "ipv4_ipam_pool_id": null,
            "ipv4_netmask_length": null,
            "ipv6_association_id": "",
            "ipv6_cidr_block": "",
            "ipv6_cidr_block_network_border_group": "",
            "ipv6_ipam_pool_id": "",
            "ipv6_netmask_length": 0,
            "main_route_table_id": "rtb-047064654af3931cc",
            "owner_id": "454340114714",
            "tags": {
              "Name": "vpc-eu-north-1-prod-bloodbank-stack"
            },
            "tags_all": {
              "Name": "vpc-eu-north-1-prod-bloodbank-stack"
            }
          },
          "sensitive_attributes": [],
          "private": "eyJzY2hlbWFfdmVyc2lvbiI6IjEifQ=="
        }
      ]
    }
  ],
  "check_results": null
}
