{
  "version": 4,
  "terraform_version": "1.4.6",
  "serial": 473,
  "lineage": "c18193b2-2b46-caf3-b9d2-ae4ca9f3bc80",
  "outputs": {},
  "resources": [
    {
      "module": "module.vpc",
      "mode": "managed",
      "type": "aws_vpc",
      "name": "this",
      "provider": "provider[\"registry.terraform.io/hashicorp/aws\"]",
      "instances": [
        {
          "schema_version": 1,
          "attributes": {
            "arn": "arn:aws:ec2:eu-north-1:454340114714:vpc/vpc-00a02964283acb373",
            "assign_generated_ipv6_cidr_block": false,
            "cidr_block": "10.0.0.0/16",
            "default_network_acl_id": "acl-01427f2892504de2d",
            "default_route_table_id": "rtb-06b1a97e94cfea61d",
            "default_security_group_id": "sg-0b4412519756b8022",
            "dhcp_options_id": "dopt-0d1fb4663100273f3",
            "enable_dns_hostnames": false,
            "enable_dns_support": true,
            "enable_network_address_usage_metrics": false,
            "id": "vpc-00a02964283acb373",
            "instance_tenancy": "default",
            "ipv4_ipam_pool_id": null,
            "ipv4_netmask_length": null,
            "ipv6_association_id": "",
            "ipv6_cidr_block": "",
            "ipv6_cidr_block_network_border_group": "",
            "ipv6_ipam_pool_id": "",
            "ipv6_netmask_length": 0,
            "main_route_table_id": "rtb-06b1a97e94cfea61d",
            "owner_id": "454340114714",
            "tags": {
              "Name": "vpc-eu-north-1-prod-bloodbank-stack"
            },
            "tags_all": {
              "Name": "vpc-eu-north-1-prod-bloodbank-stack"
            }
          },
          "sensitive_attributes": [],
          "private": "eyJzY2hlbWFfdmVyc2lvbiI6IjEifQ=="
        }
      ]
    }
  ],
  "check_results": null
}
